// !$*UTF8*$!
{
	archiveVersion = 1;
	classes = {
	};
	objectVersion = 56;
	objects = {

/* Begin PBXBuildFile section */
		A8AB798E2B3BBA6C008F891E /* CommunityAdminApp.swift in Sources */ = {isa = PBXBuildFile; fileRef = A8AB798D2B3BBA6C008F891E /* CommunityAdminApp.swift */; };
		A8AB79902B3BBA6C008F891E /* ContentView.swift in Sources */ = {isa = PBXBuildFile; fileRef = A8AB798F2B3BBA6C008F891E /* ContentView.swift */; };
		A8AB79922B3BBA6D008F891E /* Assets.xcassets in Resources */ = {isa = PBXBuildFile; fileRef = A8AB79912B3BBA6D008F891E /* Assets.xcassets */; };
		A8AB79952B3BBA6D008F891E /* Preview Assets.xcassets in Resources */ = {isa = PBXBuildFile; fileRef = A8AB79942B3BBA6D008F891E /* Preview Assets.xcassets */; };
		A8AB799F2B3BBA6D008F891E /* CommunityAdminTests.swift in Sources */ = {isa = PBXBuildFile; fileRef = A8AB799E2B3BBA6D008F891E /* CommunityAdminTests.swift */; };
		A8AB79A92B3BBA6D008F891E /* CommunityAdminUITests.swift in Sources */ = {isa = PBXBuildFile; fileRef = A8AB79A82B3BBA6D008F891E /* CommunityAdminUITests.swift */; };
		A8AB79AB2B3BBA6D008F891E /* CommunityAdminUITestsLaunchTests.swift in Sources */ = {isa = PBXBuildFile; fileRef = A8AB79AA2B3BBA6D008F891E /* CommunityAdminUITestsLaunchTests.swift */; };
/* End PBXBuildFile section */

/* Begin PBXContainerItemProxy section */
		A8AB799B2B3BBA6D008F891E /* PBXContainerItemProxy */ = {
			isa = PBXContainerItemProxy;
			containerPortal = A8AB79822B3BBA6C008F891E /* Project object */;
			proxyType = 1;
			remoteGlobalIDString = A8AB79892B3BBA6C008F891E;
			remoteInfo = CommunityAdmin;
		};
		A8AB79A52B3BBA6D008F891E /* PBXContainerItemProxy */ = {
			isa = PBXContainerItemProxy;
			containerPortal = A8AB79822B3BBA6C008F891E /* Project object */;
			proxyType = 1;
			remoteGlobalIDString = A8AB79892B3BBA6C008F891E;
			remoteInfo = CommunityAdmin;
		};
/* End PBXContainerItemProxy section */

/* Begin PBXFileReference section */
		A8AB798A2B3BBA6C008F891E /* CommunityAdmin.app */ = {isa = PBXFileReference; explicitFileType = wrapper.application; includeInIndex = 0; path = CommunityAdmin.app; sourceTree = BUILT_PRODUCTS_DIR; };
		A8AB798D2B3BBA6C008F891E /* CommunityAdminApp.swift */ = {isa = PBXFileReference; lastKnownFileType = sourcecode.swift; path = CommunityAdminApp.swift; sourceTree = "<group>"; };
		A8AB798F2B3BBA6C008F891E /* ContentView.swift */ = {isa = PBXFileReference; lastKnownFileType = sourcecode.swift; path = ContentView.swift; sourceTree = "<group>"; };
		A8AB79912B3BBA6D008F891E /* Assets.xcassets */ = {isa = PBXFileReference; lastKnownFileType = folder.assetcatalog; path = Assets.xcassets; sourceTree = "<group>"; };
		A8AB79942B3BBA6D008F891E /* Preview Assets.xcassets */ = {isa = PBXFileReference; lastKnownFileType = folder.assetcatalog; path = "Preview Assets.xcassets"; sourceTree = "<group>"; };
		A8AB799A2B3BBA6D008F891E /* CommunityAdminTests.xctest */ = {isa = PBXFileReference; explicitFileType = wrapper.cfbundle; includeInIndex = 0; path = CommunityAdminTests.xctest; sourceTree = BUILT_PRODUCTS_DIR; };
		A8AB799E2B3BBA6D008F891E /* CommunityAdminTests.swift */ = {isa = PBXFileReference; lastKnownFileType = sourcecode.swift; path = CommunityAdminTests.swift; sourceTree = "<group>"; };
		A8AB79A42B3BBA6D008F891E /* CommunityAdminUITests.xctest */ = {isa = PBXFileReference; explicitFileType = wrapper.cfbundle; includeInIndex = 0; path = CommunityAdminUITests.xctest; sourceTree = BUILT_PRODUCTS_DIR; };
		A8AB79A82B3BBA6D008F891E /* CommunityAdminUITests.swift */ = {isa = PBXFileReference; lastKnownFileType = sourcecode.swift; path = CommunityAdminUITests.swift; sourceTree = "<group>"; };
		A8AB79AA2B3BBA6D008F891E /* CommunityAdminUITestsLaunchTests.swift */ = {isa = PBXFileReference; lastKnownFileType = sourcecode.swift; path = CommunityAdminUITestsLaunchTests.swift; sourceTree = "<group>"; };
/* End PBXFileReference section */

/* Begin PBXFrameworksBuildPhase section */
		A8AB79872B3BBA6C008F891E /* Frameworks */ = {
			isa = PBXFrameworksBuildPhase;
			buildActionMask = 2147483647;
			files = (
			);
			runOnlyForDeploymentPostprocessing = 0;
		};
		A8AB79972B3BBA6D008F891E /* Frameworks */ = {
			isa = PBXFrameworksBuildPhase;
			buildActionMask = 2147483647;
			files = (
			);
			runOnlyForDeploymentPostprocessing = 0;
		};
		A8AB79A12B3BBA6D008F891E /* Frameworks */ = {
			isa = PBXFrameworksBuildPhase;
			buildActionMask = 2147483647;
			files = (
			);
			runOnlyForDeploymentPostprocessing = 0;
		};
/* End PBXFrameworksBuildPhase section */

/* Begin PBXGroup section */
		A8AB79812B3BBA6C008F891E = {
			isa = PBXGroup;
			children = (
				A8AB798C2B3BBA6C008F891E /* CommunityAdmin */,
				A8AB799D2B3BBA6D008F891E /* CommunityAdminTests */,
				A8AB79A72B3BBA6D008F891E /* CommunityAdminUITests */,
				A8AB798B2B3BBA6C008F891E /* Products */,
			);
			sourceTree = "<group>";
		};
		A8AB798B2B3BBA6C008F891E /* Products */ = {
			isa = PBXGroup;
			children = (
				A8AB798A2B3BBA6C008F891E /* CommunityAdmin.app */,
				A8AB799A2B3BBA6D008F891E /* CommunityAdminTests.xctest */,
				A8AB79A42B3BBA6D008F891E /* CommunityAdminUITests.xctest */,
			);
			name = Products;
			sourceTree = "<group>";
		};
		A8AB798C2B3BBA6C008F891E /* CommunityAdmin */ = {
			isa = PBXGroup;
			children = (
				A8AB798D2B3BBA6C008F891E /* CommunityAdminApp.swift */,
				A8AB798F2B3BBA6C008F891E /* ContentView.swift */,
				A8AB79912B3BBA6D008F891E /* Assets.xcassets */,
				A8AB79932B3BBA6D008F891E /* Preview Content */,
			);
			path = CommunityAdmin;
			sourceTree = "<group>";
		};
		A8AB79932B3BBA6D008F891E /* Preview Content */ = {
			isa = PBXGroup;
			children = (
				A8AB79942B3BBA6D008F891E /* Preview Assets.xcassets */,
			);
			path = "Preview Content";
			sourceTree = "<group>";
		};
		A8AB799D2B3BBA6D008F891E /* CommunityAdminTests */ = {
			isa = PBXGroup;
			children = (
				A8AB799E2B3BBA6D008F891E /* CommunityAdminTests.swift */,
			);
			path = CommunityAdminTests;
			sourceTree = "<group>";
		};
		A8AB79A72B3BBA6D008F891E /* CommunityAdminUITests */ = {
			isa = PBXGroup;
			children = (
				A8AB79A82B3BBA6D008F891E /* CommunityAdminUITests.swift */,
				A8AB79AA2B3BBA6D008F891E /* CommunityAdminUITestsLaunchTests.swift */,
			);
			path = CommunityAdminUITests;
			sourceTree = "<group>";
		};
/* End PBXGroup section */

/* Begin PBXNativeTarget section */
		A8AB79892B3BBA6C008F891E /* CommunityAdmin */ = {
			isa = PBXNativeTarget;
			buildConfigurationList = A8AB79AE2B3BBA6D008F891E /* Build configuration list for PBXNativeTarget "CommunityAdmin" */;
			buildPhases = (
				A8AB79862B3BBA6C008F891E /* Sources */,
				A8AB79872B3BBA6C008F891E /* Frameworks */,
				A8AB79882B3BBA6C008F891E /* Resources */,
			);
			buildRules = (
			);
			dependencies = (
			);
			name = CommunityAdmin;
			productName = CommunityAdmin;
			productReference = A8AB798A2B3BBA6C008F891E /* CommunityAdmin.app */;
			productType = "com.apple.product-type.application";
		};
		A8AB79992B3BBA6D008F891E /* CommunityAdminTests */ = {
			isa = PBXNativeTarget;
			buildConfigurationList = A8AB79B12B3BBA6D008F891E /* Build configuration list for PBXNativeTarget "CommunityAdminTests" */;
			buildPhases = (
				A8AB79962B3BBA6D008F891E /* Sources */,
				A8AB79972B3BBA6D008F891E /* Frameworks */,
				A8AB79982B3BBA6D008F891E /* Resources */,
			);
			buildRules = (
			);
			dependencies = (
				A8AB799C2B3BBA6D008F891E /* PBXTargetDependency */,
			);
			name = CommunityAdminTests;
			productName = CommunityAdminTests;
			productReference = A8AB799A2B3BBA6D008F891E /* CommunityAdminTests.xctest */;
			productType = "com.apple.product-type.bundle.unit-test";
		};
		A8AB79A32B3BBA6D008F891E /* CommunityAdminUITests */ = {
			isa = PBXNativeTarget;
			buildConfigurationList = A8AB79B42B3BBA6D008F891E /* Build configuration list for PBXNativeTarget "CommunityAdminUITests" */;
			buildPhases = (
				A8AB79A02B3BBA6D008F891E /* Sources */,
				A8AB79A12B3BBA6D008F891E /* Frameworks */,
				A8AB79A22B3BBA6D008F891E /* Resources */,
			);
			buildRules = (
			);
			dependencies = (
				A8AB79A62B3BBA6D008F891E /* PBXTargetDependency */,
			);
			name = CommunityAdminUITests;
			productName = CommunityAdminUITests;
			productReference = A8AB79A42B3BBA6D008F891E /* CommunityAdminUITests.xctest */;
			productType = "com.apple.product-type.bundle.ui-testing";
		};
/* End PBXNativeTarget section */

/* Begin PBXProject section */
		A8AB79822B3BBA6C008F891E /* Project object */ = {
			isa = PBXProject;
			attributes = {
				BuildIndependentTargetsInParallel = 1;
				LastSwiftUpdateCheck = 1500;
				LastUpgradeCheck = 1500;
				TargetAttributes = {
					A8AB79892B3BBA6C008F891E = {
						CreatedOnToolsVersion = 15.0.1;
					};
					A8AB79992B3BBA6D008F891E = {
						CreatedOnToolsVersion = 15.0.1;
						TestTargetID = A8AB79892B3BBA6C008F891E;
					};
					A8AB79A32B3BBA6D008F891E = {
						CreatedOnToolsVersion = 15.0.1;
						TestTargetID = A8AB79892B3BBA6C008F891E;
					};
				};
			};
			buildConfigurationList = A8AB79852B3BBA6C008F891E /* Build configuration list for PBXProject "CommunityAdmin" */;
			compatibilityVersion = "Xcode 14.0";
			developmentRegion = en;
			hasScannedForEncodings = 0;
			knownRegions = (
				en,
				Base,
			);
			mainGroup = A8AB79812B3BBA6C008F891E;
			productRefGroup = A8AB798B2B3BBA6C008F891E /* Products */;
			projectDirPath = "";
			projectRoot = "";
			targets = (
				A8AB79892B3BBA6C008F891E /* CommunityAdmin */,
				A8AB79992B3BBA6D008F891E /* CommunityAdminTests */,
				A8AB79A32B3BBA6D008F891E /* CommunityAdminUITests */,
			);
		};
/* End PBXProject section */

/* Begin PBXResourcesBuildPhase section */
		A8AB79882B3BBA6C008F891E /* Resources */ = {
			isa = PBXResourcesBuildPhase;
			buildActionMask = 2147483647;
			files = (
				A8AB79952B3BBA6D008F891E /* Preview Assets.xcassets in Resources */,
				A8AB79922B3BBA6D008F891E /* Assets.xcassets in Resources */,
			);
			runOnlyForDeploymentPostprocessing = 0;
		};
		A8AB79982B3BBA6D008F891E /* Resources */ = {
			isa = PBXResourcesBuildPhase;
			buildActionMask = 2147483647;
			files = (
			);
			runOnlyForDeploymentPostprocessing = 0;
		};
		A8AB79A22B3BBA6D008F891E /* Resources */ = {
			isa = PBXResourcesBuildPhase;
			buildActionMask = 2147483647;
			files = (
			);
			runOnlyForDeploymentPostprocessing = 0;
		};
/* End PBXResourcesBuildPhase section */

/* Begin PBXSourcesBuildPhase section */
		A8AB79862B3BBA6C008F891E /* Sources */ = {
			isa = PBXSourcesBuildPhase;
			buildActionMask = 2147483647;
			files = (
				A8AB79902B3BBA6C008F891E /* ContentView.swift in Sources */,
				A8AB798E2B3BBA6C008F891E /* CommunityAdminApp.swift in Sources */,
			);
			runOnlyForDeploymentPostprocessing = 0;
		};
		A8AB79962B3BBA6D008F891E /* Sources */ = {
			isa = PBXSourcesBuildPhase;
			buildActionMask = 2147483647;
			files = (
				A8AB799F2B3BBA6D008F891E /* CommunityAdminTests.swift in Sources */,
			);
			runOnlyForDeploymentPostprocessing = 0;
		};
		A8AB79A02B3BBA6D008F891E /* Sources */ = {
			isa = PBXSourcesBuildPhase;
			buildActionMask = 2147483647;
			files = (
				A8AB79AB2B3BBA6D008F891E /* CommunityAdminUITestsLaunchTests.swift in Sources */,
				A8AB79A92B3BBA6D008F891E /* CommunityAdminUITests.swift in Sources */,
			);
			runOnlyForDeploymentPostprocessing = 0;
		};
/* End PBXSourcesBuildPhase section */

/* Begin PBXTargetDependency section */
		A8AB799C2B3BBA6D008F891E /* PBXTargetDependency */ = {
			isa = PBXTargetDependency;
			target = A8AB79892B3BBA6C008F891E /* CommunityAdmin */;
			targetProxy = A8AB799B2B3BBA6D008F891E /* PBXContainerItemProxy */;
		};
		A8AB79A62B3BBA6D008F891E /* PBXTargetDependency */ = {
			isa = PBXTargetDependency;
			target = A8AB79892B3BBA6C008F891E /* CommunityAdmin */;
			targetProxy = A8AB79A52B3BBA6D008F891E /* PBXContainerItemProxy */;
		};
/* End PBXTargetDependency section */

/* Begin XCBuildConfiguration section */
		A8AB79AC2B3BBA6D008F891E /* Debug */ = {
			isa = XCBuildConfiguration;
			buildSettings = {
				ALWAYS_SEARCH_USER_PATHS = NO;
				ASSETCATALOG_COMPILER_GENERATE_SWIFT_ASSET_SYMBOL_EXTENSIONS = YES;
				CLANG_ANALYZER_NONNULL = YES;
				CLANG_ANALYZER_NUMBER_OBJECT_CONVERSION = YES_AGGRESSIVE;
				CLANG_CXX_LANGUAGE_STANDARD = "gnu++20";
				CLANG_ENABLE_MODULES = YES;
				CLANG_ENABLE_OBJC_ARC = YES;
				CLANG_ENABLE_OBJC_WEAK = YES;
				CLANG_WARN_BLOCK_CAPTURE_AUTORELEASING = YES;
				CLANG_WARN_BOOL_CONVERSION = YES;
				CLANG_WARN_COMMA = YES;
				CLANG_WARN_CONSTANT_CONVERSION = YES;
				CLANG_WARN_DEPRECATED_OBJC_IMPLEMENTATIONS = YES;
				CLANG_WARN_DIRECT_OBJC_ISA_USAGE = YES_ERROR;
				CLANG_WARN_DOCUMENTATION_COMMENTS = YES;
				CLANG_WARN_EMPTY_BODY = YES;
				CLANG_WARN_ENUM_CONVERSION = YES;
				CLANG_WARN_INFINITE_RECURSION = YES;
				CLANG_WARN_INT_CONVERSION = YES;
				CLANG_WARN_NON_LITERAL_NULL_CONVERSION = YES;
				CLANG_WARN_OBJC_IMPLICIT_RETAIN_SELF = YES;
				CLANG_WARN_OBJC_LITERAL_CONVERSION = YES;
				CLANG_WARN_OBJC_ROOT_CLASS = YES_ERROR;
				CLANG_WARN_QUOTED_INCLUDE_IN_FRAMEWORK_HEADER = YES;
				CLANG_WARN_RANGE_LOOP_ANALYSIS = YES;
				CLANG_WARN_STRICT_PROTOTYPES = YES;
				CLANG_WARN_SUSPICIOUS_MOVE = YES;
				CLANG_WARN_UNGUARDED_AVAILABILITY = YES_AGGRESSIVE;
				CLANG_WARN_UNREACHABLE_CODE = YES;
				CLANG_WARN__DUPLICATE_METHOD_MATCH = YES;
				COPY_PHASE_STRIP = NO;
				DEBUG_INFORMATION_FORMAT = dwarf;
				ENABLE_STRICT_OBJC_MSGSEND = YES;
				ENABLE_TESTABILITY = YES;
				ENABLE_USER_SCRIPT_SANDBOXING = YES;
				GCC_C_LANGUAGE_STANDARD = gnu17;
				GCC_DYNAMIC_NO_PIC = NO;
				GCC_NO_COMMON_BLOCKS = YES;
				GCC_OPTIMIZATION_LEVEL = 0;
				GCC_PREPROCESSOR_DEFINITIONS = (
					"DEBUG=1",
					"$(inherited)",
				);
				GCC_WARN_64_TO_32_BIT_CONVERSION = YES;
				GCC_WARN_ABOUT_RETURN_TYPE = YES_ERROR;
				GCC_WARN_UNDECLARED_SELECTOR = YES;
				GCC_WARN_UNINITIALIZED_AUTOS = YES_AGGRESSIVE;
				GCC_WARN_UNUSED_FUNCTION = YES;
				GCC_WARN_UNUSED_VARIABLE = YES;
				IPHONEOS_DEPLOYMENT_TARGET = 17.0;
				LOCALIZATION_PREFERS_STRING_CATALOGS = YES;
				MTL_ENABLE_DEBUG_INFO = INCLUDE_SOURCE;
				MTL_FAST_MATH = YES;
				ONLY_ACTIVE_ARCH = YES;
				SDKROOT = iphoneos;
				SWIFT_ACTIVE_COMPILATION_CONDITIONS = "DEBUG $(inherited)";
				SWIFT_OPTIMIZATION_LEVEL = "-Onone";
			};
			name = Debug;
		};
		A8AB79AD2B3BBA6D008F891E /* Release */ = {
			isa = XCBuildConfiguration;
			buildSettings = {
				ALWAYS_SEARCH_USER_PATHS = NO;
				ASSETCATALOG_COMPILER_GENERATE_SWIFT_ASSET_SYMBOL_EXTENSIONS = YES;
				CLANG_ANALYZER_NONNULL = YES;
				CLANG_ANALYZER_NUMBER_OBJECT_CONVERSION = YES_AGGRESSIVE;
				CLANG_CXX_LANGUAGE_STANDARD = "gnu++20";
				CLANG_ENABLE_MODULES = YES;
				CLANG_ENABLE_OBJC_ARC = YES;
				CLANG_ENABLE_OBJC_WEAK = YES;
				CLANG_WARN_BLOCK_CAPTURE_AUTORELEASING = YES;
				CLANG_WARN_BOOL_CONVERSION = YES;
				CLANG_WARN_COMMA = YES;
				CLANG_WARN_CONSTANT_CONVERSION = YES;
				CLANG_WARN_DEPRECATED_OBJC_IMPLEMENTATIONS = YES;
				CLANG_WARN_DIRECT_OBJC_ISA_USAGE = YES_ERROR;
				CLANG_WARN_DOCUMENTATION_COMMENTS = YES;
				CLANG_WARN_EMPTY_BODY = YES;
				CLANG_WARN_ENUM_CONVERSION = YES;
				CLANG_WARN_INFINITE_RECURSION = YES;
				CLANG_WARN_INT_CONVERSION = YES;
				CLANG_WARN_NON_LITERAL_NULL_CONVERSION = YES;
				CLANG_WARN_OBJC_IMPLICIT_RETAIN_SELF = YES;
				CLANG_WARN_OBJC_LITERAL_CONVERSION = YES;
				CLANG_WARN_OBJC_ROOT_CLASS = YES_ERROR;
				CLANG_WARN_QUOTED_INCLUDE_IN_FRAMEWORK_HEADER = YES;
				CLANG_WARN_RANGE_LOOP_ANALYSIS = YES;
				CLANG_WARN_STRICT_PROTOTYPES = YES;
				CLANG_WARN_SUSPICIOUS_MOVE = YES;
				CLANG_WARN_UNGUARDED_AVAILABILITY = YES_AGGRESSIVE;
				CLANG_WARN_UNREACHABLE_CODE = YES;
				CLANG_WARN__DUPLICATE_METHOD_MATCH = YES;
				COPY_PHASE_STRIP = NO;
				DEBUG_INFORMATION_FORMAT = "dwarf-with-dsym";
				ENABLE_NS_ASSERTIONS = NO;
				ENABLE_STRICT_OBJC_MSGSEND = YES;
				ENABLE_USER_SCRIPT_SANDBOXING = YES;
				GCC_C_LANGUAGE_STANDARD = gnu17;
				GCC_NO_COMMON_BLOCKS = YES;
				GCC_WARN_64_TO_32_BIT_CONVERSION = YES;
				GCC_WARN_ABOUT_RETURN_TYPE = YES_ERROR;
				GCC_WARN_UNDECLARED_SELECTOR = YES;
				GCC_WARN_UNINITIALIZED_AUTOS = YES_AGGRESSIVE;
				GCC_WARN_UNUSED_FUNCTION = YES;
				GCC_WARN_UNUSED_VARIABLE = YES;
				IPHONEOS_DEPLOYMENT_TARGET = 17.0;
				LOCALIZATION_PREFERS_STRING_CATALOGS = YES;
				MTL_ENABLE_DEBUG_INFO = NO;
				MTL_FAST_MATH = YES;
				SDKROOT = iphoneos;
				SWIFT_COMPILATION_MODE = wholemodule;
				VALIDATE_PRODUCT = YES;
			};
			name = Release;
		};
		A8AB79AF2B3BBA6D008F891E /* Debug */ = {
			isa = XCBuildConfiguration;
			buildSettings = {
				ASSETCATALOG_COMPILER_APPICON_NAME = AppIcon;
				ASSETCATALOG_COMPILER_GLOBAL_ACCENT_COLOR_NAME = AccentColor;
				CODE_SIGN_STYLE = Automatic;
				CURRENT_PROJECT_VERSION = 1;
				DEVELOPMENT_ASSET_PATHS = "\"CommunityAdmin/Preview Content\"";
				ENABLE_PREVIEWS = YES;
				GENERATE_INFOPLIST_FILE = YES;
				INFOPLIST_KEY_UIApplicationSceneManifest_Generation = YES;
				INFOPLIST_KEY_UIApplicationSupportsIndirectInputEvents = YES;
				INFOPLIST_KEY_UILaunchScreen_Generation = YES;
				INFOPLIST_KEY_UISupportedInterfaceOrientations_iPad = "UIInterfaceOrientationPortrait UIInterfaceOrientationPortraitUpsideDown UIInterfaceOrientationLandscapeLeft UIInterfaceOrientationLandscapeRight";
				INFOPLIST_KEY_UISupportedInterfaceOrientations_iPhone = "UIInterfaceOrientationPortrait UIInterfaceOrientationLandscapeLeft UIInterfaceOrientationLandscapeRight";
				LD_RUNPATH_SEARCH_PATHS = (
					"$(inherited)",
					"@executable_path/Frameworks",
				);
				MARKETING_VERSION = 1.0;
				PRODUCT_BUNDLE_IDENTIFIER = okik.tech.community.admin.CommunityAdmin;
				PRODUCT_NAME = "$(TARGET_NAME)";
				SWIFT_EMIT_LOC_STRINGS = YES;
				SWIFT_VERSION = 5.0;
				TARGETED_DEVICE_FAMILY = "1,2";
			};
			name = Debug;
		};
		A8AB79B02B3BBA6D008F891E /* Release */ = {
			isa = XCBuildConfiguration;
			buildSettings = {
				ASSETCATALOG_COMPILER_APPICON_NAME = AppIcon;
				ASSETCATALOG_COMPILER_GLOBAL_ACCENT_COLOR_NAME = AccentColor;
				CODE_SIGN_STYLE = Automatic;
				CURRENT_PROJECT_VERSION = 1;
				DEVELOPMENT_ASSET_PATHS = "\"CommunityAdmin/Preview Content\"";
				ENABLE_PREVIEWS = YES;
				GENERATE_INFOPLIST_FILE = YES;
				INFOPLIST_KEY_UIApplicationSceneManifest_Generation = YES;
				INFOPLIST_KEY_UIApplicationSupportsIndirectInputEvents = YES;
				INFOPLIST_KEY_UILaunchScreen_Generation = YES;
				INFOPLIST_KEY_UISupportedInterfaceOrientations_iPad = "UIInterfaceOrientationPortrait UIInterfaceOrientationPortraitUpsideDown UIInterfaceOrientationLandscapeLeft UIInterfaceOrientationLandscapeRight";
				INFOPLIST_KEY_UISupportedInterfaceOrientations_iPhone = "UIInterfaceOrientationPortrait UIInterfaceOrientationLandscapeLeft UIInterfaceOrientationLandscapeRight";
				LD_RUNPATH_SEARCH_PATHS = (
					"$(inherited)",
					"@executable_path/Frameworks",
				);
				MARKETING_VERSION = 1.0;
				PRODUCT_BUNDLE_IDENTIFIER = okik.tech.community.admin.CommunityAdmin;
				PRODUCT_NAME = "$(TARGET_NAME)";
				SWIFT_EMIT_LOC_STRINGS = YES;
				SWIFT_VERSION = 5.0;
				TARGETED_DEVICE_FAMILY = "1,2";
			};
			name = Release;
		};
		A8AB79B22B3BBA6D008F891E /* Debug */ = {
			isa = XCBuildConfiguration;
			buildSettings = {
				ALWAYS_EMBED_SWIFT_STANDARD_LIBRARIES = YES;
				BUNDLE_LOADER = "$(TEST_HOST)";
				CODE_SIGN_STYLE = Automatic;
				CURRENT_PROJECT_VERSION = 1;
				GENERATE_INFOPLIST_FILE = YES;
				IPHONEOS_DEPLOYMENT_TARGET = 17.0;
				MARKETING_VERSION = 1.0;
				PRODUCT_BUNDLE_IDENTIFIER = okik.tech.community.admin.CommunityAdminTests;
				PRODUCT_NAME = "$(TARGET_NAME)";
				SWIFT_EMIT_LOC_STRINGS = NO;
				SWIFT_VERSION = 5.0;
				TARGETED_DEVICE_FAMILY = "1,2";
				TEST_HOST = "$(BUILT_PRODUCTS_DIR)/CommunityAdmin.app/$(BUNDLE_EXECUTABLE_FOLDER_PATH)/CommunityAdmin";
			};
			name = Debug;
		};
		A8AB79B32B3BBA6D008F891E /* Release */ = {
			isa = XCBuildConfiguration;
			buildSettings = {
				ALWAYS_EMBED_SWIFT_STANDARD_LIBRARIES = YES;
				BUNDLE_LOADER = "$(TEST_HOST)";
				CODE_SIGN_STYLE = Automatic;
				CURRENT_PROJECT_VERSION = 1;
				GENERATE_INFOPLIST_FILE = YES;
				IPHONEOS_DEPLOYMENT_TARGET = 17.0;
				MARKETING_VERSION = 1.0;
				PRODUCT_BUNDLE_IDENTIFIER = okik.tech.community.admin.CommunityAdminTests;
				PRODUCT_NAME = "$(TARGET_NAME)";
				SWIFT_EMIT_LOC_STRINGS = NO;
				SWIFT_VERSION = 5.0;
				TARGETED_DEVICE_FAMILY = "1,2";
				TEST_HOST = "$(BUILT_PRODUCTS_DIR)/CommunityAdmin.app/$(BUNDLE_EXECUTABLE_FOLDER_PATH)/CommunityAdmin";
			};
			name = Release;
		};
		A8AB79B52B3BBA6D008F891E /* Debug */ = {
			isa = XCBuildConfiguration;
			buildSettings = {
				ALWAYS_EMBED_SWIFT_STANDARD_LIBRARIES = YES;
				CODE_SIGN_STYLE = Automatic;
				CURRENT_PROJECT_VERSION = 1;
				GENERATE_INFOPLIST_FILE = YES;
				MARKETING_VERSION = 1.0;
				PRODUCT_BUNDLE_IDENTIFIER = okik.tech.community.admin.CommunityAdminUITests;
				PRODUCT_NAME = "$(TARGET_NAME)";
				SWIFT_EMIT_LOC_STRINGS = NO;
				SWIFT_VERSION = 5.0;
				TARGETED_DEVICE_FAMILY = "1,2";
				TEST_TARGET_NAME = CommunityAdmin;
			};
			name = Debug;
		};
		A8AB79B62B3BBA6D008F891E /* Release */ = {
			isa = XCBuildConfiguration;
			buildSettings = {
				ALWAYS_EMBED_SWIFT_STANDARD_LIBRARIES = YES;
				CODE_SIGN_STYLE = Automatic;
				CURRENT_PROJECT_VERSION = 1;
				GENERATE_INFOPLIST_FILE = YES;
				MARKETING_VERSION = 1.0;
				PRODUCT_BUNDLE_IDENTIFIER = okik.tech.community.admin.CommunityAdminUITests;
				PRODUCT_NAME = "$(TARGET_NAME)";
				SWIFT_EMIT_LOC_STRINGS = NO;
				SWIFT_VERSION = 5.0;
				TARGETED_DEVICE_FAMILY = "1,2";
				TEST_TARGET_NAME = CommunityAdmin;
			};
			name = Release;
		};
/* End XCBuildConfiguration section */

/* Begin XCConfigurationList section */
		A8AB79852B3BBA6C008F891E /* Build configuration list for PBXProject "CommunityAdmin" */ = {
			isa = XCConfigurationList;
			buildConfigurations = (
				A8AB79AC2B3BBA6D008F891E /* Debug */,
				A8AB79AD2B3BBA6D008F891E /* Release */,
			);
			defaultConfigurationIsVisible = 0;
			defaultConfigurationName = Release;
		};
		A8AB79AE2B3BBA6D008F891E /* Build configuration list for PBXNativeTarget "CommunityAdmin" */ = {
			isa = XCConfigurationList;
			buildConfigurations = (
				A8AB79AF2B3BBA6D008F891E /* Debug */,
				A8AB79B02B3BBA6D008F891E /* Release */,
			);
			defaultConfigurationIsVisible = 0;
			defaultConfigurationName = Release;
		};
		A8AB79B12B3BBA6D008F891E /* Build configuration list for PBXNativeTarget "CommunityAdminTests" */ = {
			isa = XCConfigurationList;
			buildConfigurations = (
				A8AB79B22B3BBA6D008F891E /* Debug */,
				A8AB79B32B3BBA6D008F891E /* Release */,
			);
			defaultConfigurationIsVisible = 0;
			defaultConfigurationName = Release;
		};
		A8AB79B42B3BBA6D008F891E /* Build configuration list for PBXNativeTarget "CommunityAdminUITests" */ = {
			isa = XCConfigurationList;
			buildConfigurations = (
				A8AB79B52B3BBA6D008F891E /* Debug */,
				A8AB79B62B3BBA6D008F891E /* Release */,
			);
			defaultConfigurationIsVisible = 0;
			defaultConfigurationName = Release;
		};
/* End XCConfigurationList section */
	};
	rootObject = A8AB79822B3BBA6C008F891E /* Project object */;
}
