// !$*UTF8*$!
{
	archiveVersion = 1;
	classes = {
	};
	objectVersion = 56;
	objects = {

/* Begin PBXBuildFile section */
		9AF3CBA5F171D2A024A11072 /* Pods_iosAppTests.framework in Frameworks */ = {isa = PBXBuildFile; fileRef = 27F0E546D97E82F60D1D7B99 /* Pods_iosAppTests.framework */; };
		A6587F63BE55C331E9250ECE /* Pods_iosApp.framework in Frameworks */ = {isa = PBXBuildFile; fileRef = DC1183107055F0D5A57881CC /* Pods_iosApp.framework */; };
		A8E4A8812B4CABF70083E1B6 /* iosApp.swift in Sources */ = {isa = PBXBuildFile; fileRef = A8E4A8802B4CABF70083E1B6 /* iosApp.swift */; };
		A8E4A8852B4CABF80083E1B6 /* Assets.xcassets in Resources */ = {isa = PBXBuildFile; fileRef = A8E4A8842B4CABF80083E1B6 /* Assets.xcassets */; };
		A8E4A8882B4CABF80083E1B6 /* Preview Assets.xcassets in Resources */ = {isa = PBXBuildFile; fileRef = A8E4A8872B4CABF80083E1B6 /* Preview Assets.xcassets */; };
		A8E4A8922B4CABF80083E1B6 /* iosAppTests.swift in Sources */ = {isa = PBXBuildFile; fileRef = A8E4A8912B4CABF80083E1B6 /* iosAppTests.swift */; };
		A8E4A89C2B4CABF80083E1B6 /* iosAppUITests.swift in Sources */ = {isa = PBXBuildFile; fileRef = A8E4A89B2B4CABF80083E1B6 /* iosAppUITests.swift */; };
		A8E4A89E2B4CABF80083E1B6 /* iosAppUITestsLaunchTests.swift in Sources */ = {isa = PBXBuildFile; fileRef = A8E4A89D2B4CABF80083E1B6 /* iosAppUITestsLaunchTests.swift */; };
		BD5929B98015F3A9182B4EBE /* Pods_iosApp_iosAppUITests.framework in Frameworks */ = {isa = PBXBuildFile; fileRef = 41704FA4ADBBAAA3C565751C /* Pods_iosApp_iosAppUITests.framework */; };
/* End PBXBuildFile section */

/* Begin PBXContainerItemProxy section */
		A8E4A88E2B4CABF80083E1B6 /* PBXContainerItemProxy */ = {
			isa = PBXContainerItemProxy;
			containerPortal = A8E4A8752B4CABF70083E1B6 /* Project object */;
			proxyType = 1;
			remoteGlobalIDString = A8E4A87C2B4CABF70083E1B6;
			remoteInfo = iosApp;
		};
		A8E4A8982B4CABF80083E1B6 /* PBXContainerItemProxy */ = {
			isa = PBXContainerItemProxy;
			containerPortal = A8E4A8752B4CABF70083E1B6 /* Project object */;
			proxyType = 1;
			remoteGlobalIDString = A8E4A87C2B4CABF70083E1B6;
			remoteInfo = iosApp;
		};
/* End PBXContainerItemProxy section */

/* Begin PBXFileReference section */
		06D7405289EB857EC73A1AF3 /* Pods-iosApp.release.xcconfig */ = {isa = PBXFileReference; includeInIndex = 1; lastKnownFileType = text.xcconfig; name = "Pods-iosApp.release.xcconfig"; path = "Target Support Files/Pods-iosApp/Pods-iosApp.release.xcconfig"; sourceTree = "<group>"; };
		18FF19768510605403DEDD8E /* Pods-iosApp-iosAppUITests.debug.xcconfig */ = {isa = PBXFileReference; includeInIndex = 1; lastKnownFileType = text.xcconfig; name = "Pods-iosApp-iosAppUITests.debug.xcconfig"; path = "Target Support Files/Pods-iosApp-iosAppUITests/Pods-iosApp-iosAppUITests.debug.xcconfig"; sourceTree = "<group>"; };
		27F0E546D97E82F60D1D7B99 /* Pods_iosAppTests.framework */ = {isa = PBXFileReference; explicitFileType = wrapper.framework; includeInIndex = 0; path = Pods_iosAppTests.framework; sourceTree = BUILT_PRODUCTS_DIR; };
		41704FA4ADBBAAA3C565751C /* Pods_iosApp_iosAppUITests.framework */ = {isa = PBXFileReference; explicitFileType = wrapper.framework; includeInIndex = 0; path = Pods_iosApp_iosAppUITests.framework; sourceTree = BUILT_PRODUCTS_DIR; };
		61358534CC4D112157BF9584 /* Pods-iosAppTests.debug.xcconfig */ = {isa = PBXFileReference; includeInIndex = 1; lastKnownFileType = text.xcconfig; name = "Pods-iosAppTests.debug.xcconfig"; path = "Target Support Files/Pods-iosAppTests/Pods-iosAppTests.debug.xcconfig"; sourceTree = "<group>"; };
		6E3557D43FB9F2CC0DDFC6B2 /* Pods-iosApp.debug.xcconfig */ = {isa = PBXFileReference; includeInIndex = 1; lastKnownFileType = text.xcconfig; name = "Pods-iosApp.debug.xcconfig"; path = "Target Support Files/Pods-iosApp/Pods-iosApp.debug.xcconfig"; sourceTree = "<group>"; };
		7FBB9A429FE5383E670BD102 /* Pods-iosAppTests.release.xcconfig */ = {isa = PBXFileReference; includeInIndex = 1; lastKnownFileType = text.xcconfig; name = "Pods-iosAppTests.release.xcconfig"; path = "Target Support Files/Pods-iosAppTests/Pods-iosAppTests.release.xcconfig"; sourceTree = "<group>"; };
		9FD2B63541DC6A77D12BD5D2 /* Pods-iosApp-iosAppUITests.release.xcconfig */ = {isa = PBXFileReference; includeInIndex = 1; lastKnownFileType = text.xcconfig; name = "Pods-iosApp-iosAppUITests.release.xcconfig"; path = "Target Support Files/Pods-iosApp-iosAppUITests/Pods-iosApp-iosAppUITests.release.xcconfig"; sourceTree = "<group>"; };
		A8E4A87D2B4CABF70083E1B6 /* iosApp.app */ = {isa = PBXFileReference; explicitFileType = wrapper.application; includeInIndex = 0; path = iosApp.app; sourceTree = BUILT_PRODUCTS_DIR; };
		A8E4A8802B4CABF70083E1B6 /* iosApp.swift */ = {isa = PBXFileReference; lastKnownFileType = sourcecode.swift; path = iosApp.swift; sourceTree = "<group>"; };
		A8E4A8842B4CABF80083E1B6 /* Assets.xcassets */ = {isa = PBXFileReference; lastKnownFileType = folder.assetcatalog; path = Assets.xcassets; sourceTree = "<group>"; };
		A8E4A8872B4CABF80083E1B6 /* Preview Assets.xcassets */ = {isa = PBXFileReference; lastKnownFileType = folder.assetcatalog; path = "Preview Assets.xcassets"; sourceTree = "<group>"; };
		A8E4A88D2B4CABF80083E1B6 /* iosAppTests.xctest */ = {isa = PBXFileReference; explicitFileType = wrapper.cfbundle; includeInIndex = 0; path = iosAppTests.xctest; sourceTree = BUILT_PRODUCTS_DIR; };
		A8E4A8912B4CABF80083E1B6 /* iosAppTests.swift */ = {isa = PBXFileReference; lastKnownFileType = sourcecode.swift; path = iosAppTests.swift; sourceTree = "<group>"; };
		A8E4A8972B4CABF80083E1B6 /* iosAppUITests.xctest */ = {isa = PBXFileReference; explicitFileType = wrapper.cfbundle; includeInIndex = 0; path = iosAppUITests.xctest; sourceTree = BUILT_PRODUCTS_DIR; };
		A8E4A89B2B4CABF80083E1B6 /* iosAppUITests.swift */ = {isa = PBXFileReference; lastKnownFileType = sourcecode.swift; path = iosAppUITests.swift; sourceTree = "<group>"; };
		A8E4A89D2B4CABF80083E1B6 /* iosAppUITestsLaunchTests.swift */ = {isa = PBXFileReference; lastKnownFileType = sourcecode.swift; path = iosAppUITestsLaunchTests.swift; sourceTree = "<group>"; };
		DC1183107055F0D5A57881CC /* Pods_iosApp.framework */ = {isa = PBXFileReference; explicitFileType = wrapper.framework; includeInIndex = 0; path = Pods_iosApp.framework; sourceTree = BUILT_PRODUCTS_DIR; };
/* End PBXFileReference section */

/* Begin PBXFrameworksBuildPhase section */
		A8E4A87A2B4CABF70083E1B6 /* Frameworks */ = {
			isa = PBXFrameworksBuildPhase;
			buildActionMask = 2147483647;
			files = (
				A6587F63BE55C331E9250ECE /* Pods_iosApp.framework in Frameworks */,
			);
			runOnlyForDeploymentPostprocessing = 0;
		};
		A8E4A88A2B4CABF80083E1B6 /* Frameworks */ = {
			isa = PBXFrameworksBuildPhase;
			buildActionMask = 2147483647;
			files = (
				9AF3CBA5F171D2A024A11072 /* Pods_iosAppTests.framework in Frameworks */,
			);
			runOnlyForDeploymentPostprocessing = 0;
		};
		A8E4A8942B4CABF80083E1B6 /* Frameworks */ = {
			isa = PBXFrameworksBuildPhase;
			buildActionMask = 2147483647;
			files = (
				BD5929B98015F3A9182B4EBE /* Pods_iosApp_iosAppUITests.framework in Frameworks */,
			);
			runOnlyForDeploymentPostprocessing = 0;
		};
/* End PBXFrameworksBuildPhase section */

/* Begin PBXGroup section */
		5DCB31B63A88D3DB1D10F902 /* Pods */ = {
			isa = PBXGroup;
			children = (
				6E3557D43FB9F2CC0DDFC6B2 /* Pods-iosApp.debug.xcconfig */,
				06D7405289EB857EC73A1AF3 /* Pods-iosApp.release.xcconfig */,
				18FF19768510605403DEDD8E /* Pods-iosApp-iosAppUITests.debug.xcconfig */,
				9FD2B63541DC6A77D12BD5D2 /* Pods-iosApp-iosAppUITests.release.xcconfig */,
				61358534CC4D112157BF9584 /* Pods-iosAppTests.debug.xcconfig */,
				7FBB9A429FE5383E670BD102 /* Pods-iosAppTests.release.xcconfig */,
			);
			name = Pods;
			path = Pods;
			sourceTree = "<group>";
		};
		A67FC3878D058BAF1075361A /* Frameworks */ = {
			isa = PBXGroup;
			children = (
				DC1183107055F0D5A57881CC /* Pods_iosApp.framework */,
				41704FA4ADBBAAA3C565751C /* Pods_iosApp_iosAppUITests.framework */,
				27F0E546D97E82F60D1D7B99 /* Pods_iosAppTests.framework */,
			);
			name = Frameworks;
			sourceTree = "<group>";
		};
		A8E4A8742B4CABF70083E1B6 = {
			isa = PBXGroup;
			children = (
				A8E4A87F2B4CABF70083E1B6 /* iosApp */,
				A8E4A8902B4CABF80083E1B6 /* iosAppTests */,
				A8E4A89A2B4CABF80083E1B6 /* iosAppUITests */,
				A8E4A87E2B4CABF70083E1B6 /* Products */,
				5DCB31B63A88D3DB1D10F902 /* Pods */,
				A67FC3878D058BAF1075361A /* Frameworks */,
			);
			sourceTree = "<group>";
		};
		A8E4A87E2B4CABF70083E1B6 /* Products */ = {
			isa = PBXGroup;
			children = (
				A8E4A87D2B4CABF70083E1B6 /* iosApp.app */,
				A8E4A88D2B4CABF80083E1B6 /* iosAppTests.xctest */,
				A8E4A8972B4CABF80083E1B6 /* iosAppUITests.xctest */,
			);
			name = Products;
			sourceTree = "<group>";
		};
		A8E4A87F2B4CABF70083E1B6 /* iosApp */ = {
			isa = PBXGroup;
			children = (
				A8E4A8802B4CABF70083E1B6 /* iosApp.swift */,
				A8E4A8842B4CABF80083E1B6 /* Assets.xcassets */,
				A8E4A8862B4CABF80083E1B6 /* Preview Content */,
			);
			path = iosApp;
			sourceTree = "<group>";
		};
		A8E4A8862B4CABF80083E1B6 /* Preview Content */ = {
			isa = PBXGroup;
			children = (
				A8E4A8872B4CABF80083E1B6 /* Preview Assets.xcassets */,
			);
			path = "Preview Content";
			sourceTree = "<group>";
		};
		A8E4A8902B4CABF80083E1B6 /* iosAppTests */ = {
			isa = PBXGroup;
			children = (
				A8E4A8912B4CABF80083E1B6 /* iosAppTests.swift */,
			);
			path = iosAppTests;
			sourceTree = "<group>";
		};
		A8E4A89A2B4CABF80083E1B6 /* iosAppUITests */ = {
			isa = PBXGroup;
			children = (
				A8E4A89B2B4CABF80083E1B6 /* iosAppUITests.swift */,
				A8E4A89D2B4CABF80083E1B6 /* iosAppUITestsLaunchTests.swift */,
			);
			path = iosAppUITests;
			sourceTree = "<group>";
		};
/* End PBXGroup section */

/* Begin PBXNativeTarget section */
		A8E4A87C2B4CABF70083E1B6 /* iosApp */ = {
			isa = PBXNativeTarget;
			buildConfigurationList = A8E4A8A12B4CABF80083E1B6 /* Build configuration list for PBXNativeTarget "iosApp" */;
			buildPhases = (
				740277C9BC8F4848CFAFB794 /* [CP] Check Pods Manifest.lock */,
				A8E4A8792B4CABF70083E1B6 /* Sources */,
				A8E4A87A2B4CABF70083E1B6 /* Frameworks */,
				A8E4A87B2B4CABF70083E1B6 /* Resources */,
				12496D937C5D817A54C42FCF /* [CP] Copy Pods Resources */,
			);
			buildRules = (
			);
			dependencies = (
			);
			name = iosApp;
			productName = iosApp;
			productReference = A8E4A87D2B4CABF70083E1B6 /* iosApp.app */;
			productType = "com.apple.product-type.application";
		};
		A8E4A88C2B4CABF80083E1B6 /* iosAppTests */ = {
			isa = PBXNativeTarget;
			buildConfigurationList = A8E4A8A42B4CABF80083E1B6 /* Build configuration list for PBXNativeTarget "iosAppTests" */;
			buildPhases = (
				EB0CC45483D715BBC07B4868 /* [CP] Check Pods Manifest.lock */,
				A8E4A8892B4CABF80083E1B6 /* Sources */,
				A8E4A88A2B4CABF80083E1B6 /* Frameworks */,
				A8E4A88B2B4CABF80083E1B6 /* Resources */,
			);
			buildRules = (
			);
			dependencies = (
				A8E4A88F2B4CABF80083E1B6 /* PBXTargetDependency */,
			);
			name = iosAppTests;
			productName = iosAppTests;
			productReference = A8E4A88D2B4CABF80083E1B6 /* iosAppTests.xctest */;
			productType = "com.apple.product-type.bundle.unit-test";
		};
		A8E4A8962B4CABF80083E1B6 /* iosAppUITests */ = {
			isa = PBXNativeTarget;
			buildConfigurationList = A8E4A8A72B4CABF80083E1B6 /* Build configuration list for PBXNativeTarget "iosAppUITests" */;
			buildPhases = (
				B5356ED21E2D0FD3A3E0320C /* [CP] Check Pods Manifest.lock */,
				A8E4A8932B4CABF80083E1B6 /* Sources */,
				A8E4A8942B4CABF80083E1B6 /* Frameworks */,
				A8E4A8952B4CABF80083E1B6 /* Resources */,
				3E773965B14882EA31FBF1D4 /* [CP] Copy Pods Resources */,
			);
			buildRules = (
			);
			dependencies = (
				A8E4A8992B4CABF80083E1B6 /* PBXTargetDependency */,
			);
			name = iosAppUITests;
			productName = iosAppUITests;
			productReference = A8E4A8972B4CABF80083E1B6 /* iosAppUITests.xctest */;
			productType = "com.apple.product-type.bundle.ui-testing";
		};
/* End PBXNativeTarget section */

/* Begin PBXProject section */
		A8E4A8752B4CABF70083E1B6 /* Project object */ = {
			isa = PBXProject;
			attributes = {
				BuildIndependentTargetsInParallel = 1;
				LastSwiftUpdateCheck = 1500;
				LastUpgradeCheck = 1500;
				TargetAttributes = {
					A8E4A87C2B4CABF70083E1B6 = {
						CreatedOnToolsVersion = 15.0.1;
					};
					A8E4A88C2B4CABF80083E1B6 = {
						CreatedOnToolsVersion = 15.0.1;
						TestTargetID = A8E4A87C2B4CABF70083E1B6;
					};
					A8E4A8962B4CABF80083E1B6 = {
						CreatedOnToolsVersion = 15.0.1;
						TestTargetID = A8E4A87C2B4CABF70083E1B6;
					};
				};
			};
			buildConfigurationList = A8E4A8782B4CABF70083E1B6 /* Build configuration list for PBXProject "iosApp" */;
			compatibilityVersion = "Xcode 14.0";
			developmentRegion = en;
			hasScannedForEncodings = 0;
			knownRegions = (
				en,
				Base,
			);
			mainGroup = A8E4A8742B4CABF70083E1B6;
			productRefGroup = A8E4A87E2B4CABF70083E1B6 /* Products */;
			projectDirPath = "";
			projectRoot = "";
			targets = (
				A8E4A87C2B4CABF70083E1B6 /* iosApp */,
				A8E4A88C2B4CABF80083E1B6 /* iosAppTests */,
				A8E4A8962B4CABF80083E1B6 /* iosAppUITests */,
			);
		};
/* End PBXProject section */

/* Begin PBXResourcesBuildPhase section */
		A8E4A87B2B4CABF70083E1B6 /* Resources */ = {
			isa = PBXResourcesBuildPhase;
			buildActionMask = 2147483647;
			files = (
				A8E4A8882B4CABF80083E1B6 /* Preview Assets.xcassets in Resources */,
				A8E4A8852B4CABF80083E1B6 /* Assets.xcassets in Resources */,
			);
			runOnlyForDeploymentPostprocessing = 0;
		};
		A8E4A88B2B4CABF80083E1B6 /* Resources */ = {
			isa = PBXResourcesBuildPhase;
			buildActionMask = 2147483647;
			files = (
			);
			runOnlyForDeploymentPostprocessing = 0;
		};
		A8E4A8952B4CABF80083E1B6 /* Resources */ = {
			isa = PBXResourcesBuildPhase;
			buildActionMask = 2147483647;
			files = (
			);
			runOnlyForDeploymentPostprocessing = 0;
		};
/* End PBXResourcesBuildPhase section */

/* Begin PBXShellScriptBuildPhase section */
		12496D937C5D817A54C42FCF /* [CP] Copy Pods Resources */ = {
			isa = PBXShellScriptBuildPhase;
			buildActionMask = 2147483647;
			files = (
			);
			inputFileListPaths = (
				"${PODS_ROOT}/Target Support Files/Pods-iosApp/Pods-iosApp-resources-${CONFIGURATION}-input-files.xcfilelist",
			);
			name = "[CP] Copy Pods Resources";
			outputFileListPaths = (
				"${PODS_ROOT}/Target Support Files/Pods-iosApp/Pods-iosApp-resources-${CONFIGURATION}-output-files.xcfilelist",
			);
			runOnlyForDeploymentPostprocessing = 0;
			shellPath = /bin/sh;
			shellScript = "\"${PODS_ROOT}/Target Support Files/Pods-iosApp/Pods-iosApp-resources.sh\"\n";
			showEnvVarsInLog = 0;
		};
		3E773965B14882EA31FBF1D4 /* [CP] Copy Pods Resources */ = {
			isa = PBXShellScriptBuildPhase;
			buildActionMask = 2147483647;
			files = (
			);
			inputFileListPaths = (
				"${PODS_ROOT}/Target Support Files/Pods-iosApp-iosAppUITests/Pods-iosApp-iosAppUITests-resources-${CONFIGURATION}-input-files.xcfilelist",
			);
			name = "[CP] Copy Pods Resources";
			outputFileListPaths = (
				"${PODS_ROOT}/Target Support Files/Pods-iosApp-iosAppUITests/Pods-iosApp-iosAppUITests-resources-${CONFIGURATION}-output-files.xcfilelist",
			);
			runOnlyForDeploymentPostprocessing = 0;
			shellPath = /bin/sh;
			shellScript = "\"${PODS_ROOT}/Target Support Files/Pods-iosApp-iosAppUITests/Pods-iosApp-iosAppUITests-resources.sh\"\n";
			showEnvVarsInLog = 0;
		};
		740277C9BC8F4848CFAFB794 /* [CP] Check Pods Manifest.lock */ = {
			isa = PBXShellScriptBuildPhase;
			buildActionMask = 2147483647;
			files = (
			);
			inputFileListPaths = (
			);
			inputPaths = (
				"${PODS_PODFILE_DIR_PATH}/Podfile.lock",
				"${PODS_ROOT}/Manifest.lock",
			);
			name = "[CP] Check Pods Manifest.lock";
			outputFileListPaths = (
			);
			outputPaths = (
				"$(DERIVED_FILE_DIR)/Pods-iosApp-checkManifestLockResult.txt",
			);
			runOnlyForDeploymentPostprocessing = 0;
			shellPath = /bin/sh;
			shellScript = "diff \"${PODS_PODFILE_DIR_PATH}/Podfile.lock\" \"${PODS_ROOT}/Manifest.lock\" > /dev/null\nif [ $? != 0 ] ; then\n    # print error to STDERR\n    echo \"error: The sandbox is not in sync with the Podfile.lock. Run 'pod install' or update your CocoaPods installation.\" >&2\n    exit 1\nfi\n# This output is used by Xcode 'outputs' to avoid re-running this script phase.\necho \"SUCCESS\" > \"${SCRIPT_OUTPUT_FILE_0}\"\n";
			showEnvVarsInLog = 0;
		};
		B5356ED21E2D0FD3A3E0320C /* [CP] Check Pods Manifest.lock */ = {
			isa = PBXShellScriptBuildPhase;
			buildActionMask = 2147483647;
			files = (
			);
			inputFileListPaths = (
			);
			inputPaths = (
				"${PODS_PODFILE_DIR_PATH}/Podfile.lock",
				"${PODS_ROOT}/Manifest.lock",
			);
			name = "[CP] Check Pods Manifest.lock";
			outputFileListPaths = (
			);
			outputPaths = (
				"$(DERIVED_FILE_DIR)/Pods-iosApp-iosAppUITests-checkManifestLockResult.txt",
			);
			runOnlyForDeploymentPostprocessing = 0;
			shellPath = /bin/sh;
			shellScript = "diff \"${PODS_PODFILE_DIR_PATH}/Podfile.lock\" \"${PODS_ROOT}/Manifest.lock\" > /dev/null\nif [ $? != 0 ] ; then\n    # print error to STDERR\n    echo \"error: The sandbox is not in sync with the Podfile.lock. Run 'pod install' or update your CocoaPods installation.\" >&2\n    exit 1\nfi\n# This output is used by Xcode 'outputs' to avoid re-running this script phase.\necho \"SUCCESS\" > \"${SCRIPT_OUTPUT_FILE_0}\"\n";
			showEnvVarsInLog = 0;
		};
		EB0CC45483D715BBC07B4868 /* [CP] Check Pods Manifest.lock */ = {
			isa = PBXShellScriptBuildPhase;
			buildActionMask = 2147483647;
			files = (
			);
			inputFileListPaths = (
			);
			inputPaths = (
				"${PODS_PODFILE_DIR_PATH}/Podfile.lock",
				"${PODS_ROOT}/Manifest.lock",
			);
			name = "[CP] Check Pods Manifest.lock";
			outputFileListPaths = (
			);
			outputPaths = (
				"$(DERIVED_FILE_DIR)/Pods-iosAppTests-checkManifestLockResult.txt",
			);
			runOnlyForDeploymentPostprocessing = 0;
			shellPath = /bin/sh;
			shellScript = "diff \"${PODS_PODFILE_DIR_PATH}/Podfile.lock\" \"${PODS_ROOT}/Manifest.lock\" > /dev/null\nif [ $? != 0 ] ; then\n    # print error to STDERR\n    echo \"error: The sandbox is not in sync with the Podfile.lock. Run 'pod install' or update your CocoaPods installation.\" >&2\n    exit 1\nfi\n# This output is used by Xcode 'outputs' to avoid re-running this script phase.\necho \"SUCCESS\" > \"${SCRIPT_OUTPUT_FILE_0}\"\n";
			showEnvVarsInLog = 0;
		};
/* End PBXShellScriptBuildPhase section */

/* Begin PBXSourcesBuildPhase section */
		A8E4A8792B4CABF70083E1B6 /* Sources */ = {
			isa = PBXSourcesBuildPhase;
			buildActionMask = 2147483647;
			files = (
				A8E4A8812B4CABF70083E1B6 /* iosApp.swift in Sources */,
			);
			runOnlyForDeploymentPostprocessing = 0;
		};
		A8E4A8892B4CABF80083E1B6 /* Sources */ = {
			isa = PBXSourcesBuildPhase;
			buildActionMask = 2147483647;
			files = (
				A8E4A8922B4CABF80083E1B6 /* iosAppTests.swift in Sources */,
			);
			runOnlyForDeploymentPostprocessing = 0;
		};
		A8E4A8932B4CABF80083E1B6 /* Sources */ = {
			isa = PBXSourcesBuildPhase;
			buildActionMask = 2147483647;
			files = (
				A8E4A89E2B4CABF80083E1B6 /* iosAppUITestsLaunchTests.swift in Sources */,
				A8E4A89C2B4CABF80083E1B6 /* iosAppUITests.swift in Sources */,
			);
			runOnlyForDeploymentPostprocessing = 0;
		};
/* End PBXSourcesBuildPhase section */

/* Begin PBXTargetDependency section */
		A8E4A88F2B4CABF80083E1B6 /* PBXTargetDependency */ = {
			isa = PBXTargetDependency;
			target = A8E4A87C2B4CABF70083E1B6 /* iosApp */;
			targetProxy = A8E4A88E2B4CABF80083E1B6 /* PBXContainerItemProxy */;
		};
		A8E4A8992B4CABF80083E1B6 /* PBXTargetDependency */ = {
			isa = PBXTargetDependency;
			target = A8E4A87C2B4CABF70083E1B6 /* iosApp */;
			targetProxy = A8E4A8982B4CABF80083E1B6 /* PBXContainerItemProxy */;
		};
/* End PBXTargetDependency section */

/* Begin XCBuildConfiguration section */
		A8E4A89F2B4CABF80083E1B6 /* Debug */ = {
			isa = XCBuildConfiguration;
			buildSettings = {
				ALWAYS_SEARCH_USER_PATHS = NO;
				ASSETCATALOG_COMPILER_GENERATE_SWIFT_ASSET_SYMBOL_EXTENSIONS = YES;
				CLANG_ANALYZER_NONNULL = YES;
				CLANG_ANALYZER_NUMBER_OBJECT_CONVERSION = YES_AGGRESSIVE;
				CLANG_CXX_LANGUAGE_STANDARD = "gnu++20";
				CLANG_ENABLE_MODULES = YES;
				CLANG_ENABLE_OBJC_ARC = YES;
				CLANG_ENABLE_OBJC_WEAK = YES;
				CLANG_WARN_BLOCK_CAPTURE_AUTORELEASING = YES;
				CLANG_WARN_BOOL_CONVERSION = YES;
				CLANG_WARN_COMMA = YES;
				CLANG_WARN_CONSTANT_CONVERSION = YES;
				CLANG_WARN_DEPRECATED_OBJC_IMPLEMENTATIONS = YES;
				CLANG_WARN_DIRECT_OBJC_ISA_USAGE = YES_ERROR;
				CLANG_WARN_DOCUMENTATION_COMMENTS = YES;
				CLANG_WARN_EMPTY_BODY = YES;
				CLANG_WARN_ENUM_CONVERSION = YES;
				CLANG_WARN_INFINITE_RECURSION = YES;
				CLANG_WARN_INT_CONVERSION = YES;
				CLANG_WARN_NON_LITERAL_NULL_CONVERSION = YES;
				CLANG_WARN_OBJC_IMPLICIT_RETAIN_SELF = YES;
				CLANG_WARN_OBJC_LITERAL_CONVERSION = YES;
				CLANG_WARN_OBJC_ROOT_CLASS = YES_ERROR;
				CLANG_WARN_QUOTED_INCLUDE_IN_FRAMEWORK_HEADER = YES;
				CLANG_WARN_RANGE_LOOP_ANALYSIS = YES;
				CLANG_WARN_STRICT_PROTOTYPES = YES;
				CLANG_WARN_SUSPICIOUS_MOVE = YES;
				CLANG_WARN_UNGUARDED_AVAILABILITY = YES_AGGRESSIVE;
				CLANG_WARN_UNREACHABLE_CODE = YES;
				CLANG_WARN__DUPLICATE_METHOD_MATCH = YES;
				COPY_PHASE_STRIP = NO;
				DEBUG_INFORMATION_FORMAT = dwarf;
				ENABLE_STRICT_OBJC_MSGSEND = YES;
				ENABLE_TESTABILITY = YES;
				ENABLE_USER_SCRIPT_SANDBOXING = YES;
				GCC_C_LANGUAGE_STANDARD = gnu17;
				GCC_DYNAMIC_NO_PIC = NO;
				GCC_NO_COMMON_BLOCKS = YES;
				GCC_OPTIMIZATION_LEVEL = 0;
				GCC_PREPROCESSOR_DEFINITIONS = (
					"DEBUG=1",
					"$(inherited)",
				);
				GCC_WARN_64_TO_32_BIT_CONVERSION = YES;
				GCC_WARN_ABOUT_RETURN_TYPE = YES_ERROR;
				GCC_WARN_UNDECLARED_SELECTOR = YES;
				GCC_WARN_UNINITIALIZED_AUTOS = YES_AGGRESSIVE;
				GCC_WARN_UNUSED_FUNCTION = YES;
				GCC_WARN_UNUSED_VARIABLE = YES;
				IPHONEOS_DEPLOYMENT_TARGET = 17.0;
				LOCALIZATION_PREFERS_STRING_CATALOGS = YES;
				MTL_ENABLE_DEBUG_INFO = INCLUDE_SOURCE;
				MTL_FAST_MATH = YES;
				ONLY_ACTIVE_ARCH = YES;
				SDKROOT = iphoneos;
				SWIFT_ACTIVE_COMPILATION_CONDITIONS = "DEBUG $(inherited)";
				SWIFT_OPTIMIZATION_LEVEL = "-Onone";
			};
			name = Debug;
		};
		A8E4A8A02B4CABF80083E1B6 /* Release */ = {
			isa = XCBuildConfiguration;
			buildSettings = {
				ALWAYS_SEARCH_USER_PATHS = NO;
				ASSETCATALOG_COMPILER_GENERATE_SWIFT_ASSET_SYMBOL_EXTENSIONS = YES;
				CLANG_ANALYZER_NONNULL = YES;
				CLANG_ANALYZER_NUMBER_OBJECT_CONVERSION = YES_AGGRESSIVE;
				CLANG_CXX_LANGUAGE_STANDARD = "gnu++20";
				CLANG_ENABLE_MODULES = YES;
				CLANG_ENABLE_OBJC_ARC = YES;
				CLANG_ENABLE_OBJC_WEAK = YES;
				CLANG_WARN_BLOCK_CAPTURE_AUTORELEASING = YES;
				CLANG_WARN_BOOL_CONVERSION = YES;
				CLANG_WARN_COMMA = YES;
				CLANG_WARN_CONSTANT_CONVERSION = YES;
				CLANG_WARN_DEPRECATED_OBJC_IMPLEMENTATIONS = YES;
				CLANG_WARN_DIRECT_OBJC_ISA_USAGE = YES_ERROR;
				CLANG_WARN_DOCUMENTATION_COMMENTS = YES;
				CLANG_WARN_EMPTY_BODY = YES;
				CLANG_WARN_ENUM_CONVERSION = YES;
				CLANG_WARN_INFINITE_RECURSION = YES;
				CLANG_WARN_INT_CONVERSION = YES;
				CLANG_WARN_NON_LITERAL_NULL_CONVERSION = YES;
				CLANG_WARN_OBJC_IMPLICIT_RETAIN_SELF = YES;
				CLANG_WARN_OBJC_LITERAL_CONVERSION = YES;
				CLANG_WARN_OBJC_ROOT_CLASS = YES_ERROR;
				CLANG_WARN_QUOTED_INCLUDE_IN_FRAMEWORK_HEADER = YES;
				CLANG_WARN_RANGE_LOOP_ANALYSIS = YES;
				CLANG_WARN_STRICT_PROTOTYPES = YES;
				CLANG_WARN_SUSPICIOUS_MOVE = YES;
				CLANG_WARN_UNGUARDED_AVAILABILITY = YES_AGGRESSIVE;
				CLANG_WARN_UNREACHABLE_CODE = YES;
				CLANG_WARN__DUPLICATE_METHOD_MATCH = YES;
				COPY_PHASE_STRIP = NO;
				DEBUG_INFORMATION_FORMAT = "dwarf-with-dsym";
				ENABLE_NS_ASSERTIONS = NO;
				ENABLE_STRICT_OBJC_MSGSEND = YES;
				ENABLE_USER_SCRIPT_SANDBOXING = YES;
				GCC_C_LANGUAGE_STANDARD = gnu17;
				GCC_NO_COMMON_BLOCKS = YES;
				GCC_WARN_64_TO_32_BIT_CONVERSION = YES;
				GCC_WARN_ABOUT_RETURN_TYPE = YES_ERROR;
				GCC_WARN_UNDECLARED_SELECTOR = YES;
				GCC_WARN_UNINITIALIZED_AUTOS = YES_AGGRESSIVE;
				GCC_WARN_UNUSED_FUNCTION = YES;
				GCC_WARN_UNUSED_VARIABLE = YES;
				IPHONEOS_DEPLOYMENT_TARGET = 17.0;
				LOCALIZATION_PREFERS_STRING_CATALOGS = YES;
				MTL_ENABLE_DEBUG_INFO = NO;
				MTL_FAST_MATH = YES;
				SDKROOT = iphoneos;
				SWIFT_COMPILATION_MODE = wholemodule;
				VALIDATE_PRODUCT = YES;
			};
			name = Release;
		};
		A8E4A8A22B4CABF80083E1B6 /* Debug */ = {
			isa = XCBuildConfiguration;
			baseConfigurationReference = 6E3557D43FB9F2CC0DDFC6B2 /* Pods-iosApp.debug.xcconfig */;
			buildSettings = {
				ASSETCATALOG_COMPILER_APPICON_NAME = AppIcon;
				ASSETCATALOG_COMPILER_GLOBAL_ACCENT_COLOR_NAME = AccentColor;
				CODE_SIGN_STYLE = Automatic;
				CURRENT_PROJECT_VERSION = 1;
				DEVELOPMENT_ASSET_PATHS = "\"iosApp/Preview Content\"";
				ENABLE_PREVIEWS = YES;
				GENERATE_INFOPLIST_FILE = YES;
				INFOPLIST_KEY_UIApplicationSceneManifest_Generation = YES;
				INFOPLIST_KEY_UIApplicationSupportsIndirectInputEvents = YES;
				INFOPLIST_KEY_UILaunchScreen_Generation = YES;
				INFOPLIST_KEY_UISupportedInterfaceOrientations_iPad = "UIInterfaceOrientationPortrait UIInterfaceOrientationPortraitUpsideDown UIInterfaceOrientationLandscapeLeft UIInterfaceOrientationLandscapeRight";
				INFOPLIST_KEY_UISupportedInterfaceOrientations_iPhone = "UIInterfaceOrientationPortrait UIInterfaceOrientationLandscapeLeft UIInterfaceOrientationLandscapeRight";
				LD_RUNPATH_SEARCH_PATHS = (
					"$(inherited)",
					"@executable_path/Frameworks",
				);
				MARKETING_VERSION = 1.0;
				PRODUCT_BUNDLE_IDENTIFIER = okik.tech.community.admin.iosApp;
				PRODUCT_NAME = "$(TARGET_NAME)";
				SWIFT_EMIT_LOC_STRINGS = YES;
				SWIFT_VERSION = 5.0;
				TARGETED_DEVICE_FAMILY = "1,2";
			};
			name = Debug;
		};
		A8E4A8A32B4CABF80083E1B6 /* Release */ = {
			isa = XCBuildConfiguration;
			baseConfigurationReference = 06D7405289EB857EC73A1AF3 /* Pods-iosApp.release.xcconfig */;
			buildSettings = {
				ASSETCATALOG_COMPILER_APPICON_NAME = AppIcon;
				ASSETCATALOG_COMPILER_GLOBAL_ACCENT_COLOR_NAME = AccentColor;
				CODE_SIGN_STYLE = Automatic;
				CURRENT_PROJECT_VERSION = 1;
				DEVELOPMENT_ASSET_PATHS = "\"iosApp/Preview Content\"";
				ENABLE_PREVIEWS = YES;
				GENERATE_INFOPLIST_FILE = YES;
				INFOPLIST_KEY_UIApplicationSceneManifest_Generation = YES;
				INFOPLIST_KEY_UIApplicationSupportsIndirectInputEvents = YES;
				INFOPLIST_KEY_UILaunchScreen_Generation = YES;
				INFOPLIST_KEY_UISupportedInterfaceOrientations_iPad = "UIInterfaceOrientationPortrait UIInterfaceOrientationPortraitUpsideDown UIInterfaceOrientationLandscapeLeft UIInterfaceOrientationLandscapeRight";
				INFOPLIST_KEY_UISupportedInterfaceOrientations_iPhone = "UIInterfaceOrientationPortrait UIInterfaceOrientationLandscapeLeft UIInterfaceOrientationLandscapeRight";
				LD_RUNPATH_SEARCH_PATHS = (
					"$(inherited)",
					"@executable_path/Frameworks",
				);
				MARKETING_VERSION = 1.0;
				PRODUCT_BUNDLE_IDENTIFIER = okik.tech.community.admin.iosApp;
				PRODUCT_NAME = "$(TARGET_NAME)";
				SWIFT_EMIT_LOC_STRINGS = YES;
				SWIFT_VERSION = 5.0;
				TARGETED_DEVICE_FAMILY = "1,2";
			};
			name = Release;
		};
		A8E4A8A52B4CABF80083E1B6 /* Debug */ = {
			isa = XCBuildConfiguration;
			baseConfigurationReference = 61358534CC4D112157BF9584 /* Pods-iosAppTests.debug.xcconfig */;
			buildSettings = {
				ALWAYS_EMBED_SWIFT_STANDARD_LIBRARIES = YES;
				BUNDLE_LOADER = "$(TEST_HOST)";
				CODE_SIGN_STYLE = Automatic;
				CURRENT_PROJECT_VERSION = 1;
				GENERATE_INFOPLIST_FILE = YES;
				IPHONEOS_DEPLOYMENT_TARGET = 17.0;
				MARKETING_VERSION = 1.0;
				PRODUCT_BUNDLE_IDENTIFIER = okik.tech.community.admin.iosAppTests;
				PRODUCT_NAME = "$(TARGET_NAME)";
				SWIFT_EMIT_LOC_STRINGS = NO;
				SWIFT_VERSION = 5.0;
				TARGETED_DEVICE_FAMILY = "1,2";
				TEST_HOST = "$(BUILT_PRODUCTS_DIR)/iosApp.app/$(BUNDLE_EXECUTABLE_FOLDER_PATH)/iosApp";
			};
			name = Debug;
		};
		A8E4A8A62B4CABF80083E1B6 /* Release */ = {
			isa = XCBuildConfiguration;
			baseConfigurationReference = 7FBB9A429FE5383E670BD102 /* Pods-iosAppTests.release.xcconfig */;
			buildSettings = {
				ALWAYS_EMBED_SWIFT_STANDARD_LIBRARIES = YES;
				BUNDLE_LOADER = "$(TEST_HOST)";
				CODE_SIGN_STYLE = Automatic;
				CURRENT_PROJECT_VERSION = 1;
				GENERATE_INFOPLIST_FILE = YES;
				IPHONEOS_DEPLOYMENT_TARGET = 17.0;
				MARKETING_VERSION = 1.0;
				PRODUCT_BUNDLE_IDENTIFIER = okik.tech.community.admin.iosAppTests;
				PRODUCT_NAME = "$(TARGET_NAME)";
				SWIFT_EMIT_LOC_STRINGS = NO;
				SWIFT_VERSION = 5.0;
				TARGETED_DEVICE_FAMILY = "1,2";
				TEST_HOST = "$(BUILT_PRODUCTS_DIR)/iosApp.app/$(BUNDLE_EXECUTABLE_FOLDER_PATH)/iosApp";
			};
			name = Release;
		};
		A8E4A8A82B4CABF80083E1B6 /* Debug */ = {
			isa = XCBuildConfiguration;
			baseConfigurationReference = 18FF19768510605403DEDD8E /* Pods-iosApp-iosAppUITests.debug.xcconfig */;
			buildSettings = {
				ALWAYS_EMBED_SWIFT_STANDARD_LIBRARIES = YES;
				CODE_SIGN_STYLE = Automatic;
				CURRENT_PROJECT_VERSION = 1;
				GENERATE_INFOPLIST_FILE = YES;
				MARKETING_VERSION = 1.0;
				PRODUCT_BUNDLE_IDENTIFIER = okik.tech.community.admin.iosAppUITests;
				PRODUCT_NAME = "$(TARGET_NAME)";
				SWIFT_EMIT_LOC_STRINGS = NO;
				SWIFT_VERSION = 5.0;
				TARGETED_DEVICE_FAMILY = "1,2";
				TEST_TARGET_NAME = iosApp;
			};
			name = Debug;
		};
		A8E4A8A92B4CABF80083E1B6 /* Release */ = {
			isa = XCBuildConfiguration;
			baseConfigurationReference = 9FD2B63541DC6A77D12BD5D2 /* Pods-iosApp-iosAppUITests.release.xcconfig */;
			buildSettings = {
				ALWAYS_EMBED_SWIFT_STANDARD_LIBRARIES = YES;
				CODE_SIGN_STYLE = Automatic;
				CURRENT_PROJECT_VERSION = 1;
				GENERATE_INFOPLIST_FILE = YES;
				MARKETING_VERSION = 1.0;
				PRODUCT_BUNDLE_IDENTIFIER = okik.tech.community.admin.iosAppUITests;
				PRODUCT_NAME = "$(TARGET_NAME)";
				SWIFT_EMIT_LOC_STRINGS = NO;
				SWIFT_VERSION = 5.0;
				TARGETED_DEVICE_FAMILY = "1,2";
				TEST_TARGET_NAME = iosApp;
			};
			name = Release;
		};
/* End XCBuildConfiguration section */

/* Begin XCConfigurationList section */
		A8E4A8782B4CABF70083E1B6 /* Build configuration list for PBXProject "iosApp" */ = {
			isa = XCConfigurationList;
			buildConfigurations = (
				A8E4A89F2B4CABF80083E1B6 /* Debug */,
				A8E4A8A02B4CABF80083E1B6 /* Release */,
			);
			defaultConfigurationIsVisible = 0;
			defaultConfigurationName = Release;
		};
		A8E4A8A12B4CABF80083E1B6 /* Build configuration list for PBXNativeTarget "iosApp" */ = {
			isa = XCConfigurationList;
			buildConfigurations = (
				A8E4A8A22B4CABF80083E1B6 /* Debug */,
				A8E4A8A32B4CABF80083E1B6 /* Release */,
			);
			defaultConfigurationIsVisible = 0;
			defaultConfigurationName = Release;
		};
		A8E4A8A42B4CABF80083E1B6 /* Build configuration list for PBXNativeTarget "iosAppTests" */ = {
			isa = XCConfigurationList;
			buildConfigurations = (
				A8E4A8A52B4CABF80083E1B6 /* Debug */,
				A8E4A8A62B4CABF80083E1B6 /* Release */,
			);
			defaultConfigurationIsVisible = 0;
			defaultConfigurationName = Release;
		};
		A8E4A8A72B4CABF80083E1B6 /* Build configuration list for PBXNativeTarget "iosAppUITests" */ = {
			isa = XCConfigurationList;
			buildConfigurations = (
				A8E4A8A82B4CABF80083E1B6 /* Debug */,
				A8E4A8A92B4CABF80083E1B6 /* Release */,
			);
			defaultConfigurationIsVisible = 0;
			defaultConfigurationName = Release;
		};
/* End XCConfigurationList section */
	};
	rootObject = A8E4A8752B4CABF70083E1B6 /* Project object */;
}
