// !$*UTF8*$!
{
	archiveVersion = 1;
	classes = {
	};
	objectVersion = 56;
	objects = {

/* Begin PBXBuildFile section */
		3ADF14B0F0A78F77CDC7674C /* Pods_CommunityAdmin.framework in Frameworks */ = {isa = PBXBuildFile; fileRef = E7CF06391B6DE084E280ED72 /* Pods_CommunityAdmin.framework */; };
		8B8E740D378B7C4A1F5E89AC /* Pods_CommunityAdmin_CommunityAdminUITests.framework in Frameworks */ = {isa = PBXBuildFile; fileRef = D5A0E44FF738AE4762C02319 /* Pods_CommunityAdmin_CommunityAdminUITests.framework */; };
		A831C8982B4F59B0008EDE56 /* CommunityAdminApp.swift in Sources */ = {isa = PBXBuildFile; fileRef = A831C8972B4F59B0008EDE56 /* CommunityAdminApp.swift */; };
		A831C89C2B4F59B1008EDE56 /* Assets.xcassets in Resources */ = {isa = PBXBuildFile; fileRef = A831C89B2B4F59B1008EDE56 /* Assets.xcassets */; };
		A831C89F2B4F59B1008EDE56 /* Preview Assets.xcassets in Resources */ = {isa = PBXBuildFile; fileRef = A831C89E2B4F59B1008EDE56 /* Preview Assets.xcassets */; };
		A831C8A92B4F59B2008EDE56 /* CommunityAdminTests.swift in Sources */ = {isa = PBXBuildFile; fileRef = A831C8A82B4F59B2008EDE56 /* CommunityAdminTests.swift */; };
		A831C8B32B4F59B2008EDE56 /* CommunityAdminUITests.swift in Sources */ = {isa = PBXBuildFile; fileRef = A831C8B22B4F59B2008EDE56 /* CommunityAdminUITests.swift */; };
		A831C8B52B4F59B2008EDE56 /* CommunityAdminUITestsLaunchTests.swift in Sources */ = {isa = PBXBuildFile; fileRef = A831C8B42B4F59B2008EDE56 /* CommunityAdminUITestsLaunchTests.swift */; };
		FBCF7ED8C3F588B5DB8EBF63 /* Pods_CommunityAdminTests.framework in Frameworks */ = {isa = PBXBuildFile; fileRef = 145E9253D6D6AA2784900B8B /* Pods_CommunityAdminTests.framework */; };
/* End PBXBuildFile section */

/* Begin PBXContainerItemProxy section */
		A831C8A52B4F59B2008EDE56 /* PBXContainerItemProxy */ = {
			isa = PBXContainerItemProxy;
			containerPortal = A831C88C2B4F59B0008EDE56 /* Project object */;
			proxyType = 1;
			remoteGlobalIDString = A831C8932B4F59B0008EDE56;
			remoteInfo = CommunityAdmin;
		};
		A831C8AF2B4F59B2008EDE56 /* PBXContainerItemProxy */ = {
			isa = PBXContainerItemProxy;
			containerPortal = A831C88C2B4F59B0008EDE56 /* Project object */;
			proxyType = 1;
			remoteGlobalIDString = A831C8932B4F59B0008EDE56;
			remoteInfo = CommunityAdmin;
		};
/* End PBXContainerItemProxy section */

/* Begin PBXFileReference section */
		11F3E515FB786EF3E5D247B2 /* Pods-CommunityAdmin-CommunityAdminUITests.release.xcconfig */ = {isa = PBXFileReference; includeInIndex = 1; lastKnownFileType = text.xcconfig; name = "Pods-CommunityAdmin-CommunityAdminUITests.release.xcconfig"; path = "Target Support Files/Pods-CommunityAdmin-CommunityAdminUITests/Pods-CommunityAdmin-CommunityAdminUITests.release.xcconfig"; sourceTree = "<group>"; };
		145E9253D6D6AA2784900B8B /* Pods_CommunityAdminTests.framework */ = {isa = PBXFileReference; explicitFileType = wrapper.framework; includeInIndex = 0; path = Pods_CommunityAdminTests.framework; sourceTree = BUILT_PRODUCTS_DIR; };
		2473ED380508114E3DFB998C /* Pods-CommunityAdmin.release.xcconfig */ = {isa = PBXFileReference; includeInIndex = 1; lastKnownFileType = text.xcconfig; name = "Pods-CommunityAdmin.release.xcconfig"; path = "Target Support Files/Pods-CommunityAdmin/Pods-CommunityAdmin.release.xcconfig"; sourceTree = "<group>"; };
		72C82E0471FB72172377FA8A /* Pods-CommunityAdminTests.debug.xcconfig */ = {isa = PBXFileReference; includeInIndex = 1; lastKnownFileType = text.xcconfig; name = "Pods-CommunityAdminTests.debug.xcconfig"; path = "Target Support Files/Pods-CommunityAdminTests/Pods-CommunityAdminTests.debug.xcconfig"; sourceTree = "<group>"; };
		A831C8942B4F59B0008EDE56 /* CommunityAdmin.app */ = {isa = PBXFileReference; explicitFileType = wrapper.application; includeInIndex = 0; path = CommunityAdmin.app; sourceTree = BUILT_PRODUCTS_DIR; };
		A831C8972B4F59B0008EDE56 /* CommunityAdminApp.swift */ = {isa = PBXFileReference; lastKnownFileType = sourcecode.swift; path = CommunityAdminApp.swift; sourceTree = "<group>"; };
		A831C89B2B4F59B1008EDE56 /* Assets.xcassets */ = {isa = PBXFileReference; lastKnownFileType = folder.assetcatalog; path = Assets.xcassets; sourceTree = "<group>"; };
		A831C89E2B4F59B1008EDE56 /* Preview Assets.xcassets */ = {isa = PBXFileReference; lastKnownFileType = folder.assetcatalog; path = "Preview Assets.xcassets"; sourceTree = "<group>"; };
		A831C8A42B4F59B2008EDE56 /* CommunityAdminTests.xctest */ = {isa = PBXFileReference; explicitFileType = wrapper.cfbundle; includeInIndex = 0; path = CommunityAdminTests.xctest; sourceTree = BUILT_PRODUCTS_DIR; };
		A831C8A82B4F59B2008EDE56 /* CommunityAdminTests.swift */ = {isa = PBXFileReference; lastKnownFileType = sourcecode.swift; path = CommunityAdminTests.swift; sourceTree = "<group>"; };
		A831C8AE2B4F59B2008EDE56 /* CommunityAdminUITests.xctest */ = {isa = PBXFileReference; explicitFileType = wrapper.cfbundle; includeInIndex = 0; path = CommunityAdminUITests.xctest; sourceTree = BUILT_PRODUCTS_DIR; };
		A831C8B22B4F59B2008EDE56 /* CommunityAdminUITests.swift */ = {isa = PBXFileReference; lastKnownFileType = sourcecode.swift; path = CommunityAdminUITests.swift; sourceTree = "<group>"; };
		A831C8B42B4F59B2008EDE56 /* CommunityAdminUITestsLaunchTests.swift */ = {isa = PBXFileReference; lastKnownFileType = sourcecode.swift; path = CommunityAdminUITestsLaunchTests.swift; sourceTree = "<group>"; };
		D5A0E44FF738AE4762C02319 /* Pods_CommunityAdmin_CommunityAdminUITests.framework */ = {isa = PBXFileReference; explicitFileType = wrapper.framework; includeInIndex = 0; path = Pods_CommunityAdmin_CommunityAdminUITests.framework; sourceTree = BUILT_PRODUCTS_DIR; };
		E0C83EE6CAEA2E92EA2583C8 /* Pods-CommunityAdmin.debug.xcconfig */ = {isa = PBXFileReference; includeInIndex = 1; lastKnownFileType = text.xcconfig; name = "Pods-CommunityAdmin.debug.xcconfig"; path = "Target Support Files/Pods-CommunityAdmin/Pods-CommunityAdmin.debug.xcconfig"; sourceTree = "<group>"; };
		E204C34919FF4FA5FAD92C81 /* Pods-CommunityAdmin-CommunityAdminUITests.debug.xcconfig */ = {isa = PBXFileReference; includeInIndex = 1; lastKnownFileType = text.xcconfig; name = "Pods-CommunityAdmin-CommunityAdminUITests.debug.xcconfig"; path = "Target Support Files/Pods-CommunityAdmin-CommunityAdminUITests/Pods-CommunityAdmin-CommunityAdminUITests.debug.xcconfig"; sourceTree = "<group>"; };
		E7CF06391B6DE084E280ED72 /* Pods_CommunityAdmin.framework */ = {isa = PBXFileReference; explicitFileType = wrapper.framework; includeInIndex = 0; path = Pods_CommunityAdmin.framework; sourceTree = BUILT_PRODUCTS_DIR; };
		FB6C32435B677A1E54C108CD /* Pods-CommunityAdminTests.release.xcconfig */ = {isa = PBXFileReference; includeInIndex = 1; lastKnownFileType = text.xcconfig; name = "Pods-CommunityAdminTests.release.xcconfig"; path = "Target Support Files/Pods-CommunityAdminTests/Pods-CommunityAdminTests.release.xcconfig"; sourceTree = "<group>"; };
/* End PBXFileReference section */

/* Begin PBXFrameworksBuildPhase section */
		A831C8912B4F59B0008EDE56 /* Frameworks */ = {
			isa = PBXFrameworksBuildPhase;
			buildActionMask = 2147483647;
			files = (
				3ADF14B0F0A78F77CDC7674C /* Pods_CommunityAdmin.framework in Frameworks */,
			);
			runOnlyForDeploymentPostprocessing = 0;
		};
		A831C8A12B4F59B2008EDE56 /* Frameworks */ = {
			isa = PBXFrameworksBuildPhase;
			buildActionMask = 2147483647;
			files = (
				FBCF7ED8C3F588B5DB8EBF63 /* Pods_CommunityAdminTests.framework in Frameworks */,
			);
			runOnlyForDeploymentPostprocessing = 0;
		};
		A831C8AB2B4F59B2008EDE56 /* Frameworks */ = {
			isa = PBXFrameworksBuildPhase;
			buildActionMask = 2147483647;
			files = (
				8B8E740D378B7C4A1F5E89AC /* Pods_CommunityAdmin_CommunityAdminUITests.framework in Frameworks */,
			);
			runOnlyForDeploymentPostprocessing = 0;
		};
/* End PBXFrameworksBuildPhase section */

/* Begin PBXGroup section */
		383D8B30E6C3656938F1B666 /* Frameworks */ = {
			isa = PBXGroup;
			children = (
				E7CF06391B6DE084E280ED72 /* Pods_CommunityAdmin.framework */,
				D5A0E44FF738AE4762C02319 /* Pods_CommunityAdmin_CommunityAdminUITests.framework */,
				145E9253D6D6AA2784900B8B /* Pods_CommunityAdminTests.framework */,
			);
			name = Frameworks;
			sourceTree = "<group>";
		};
		445AEAD97CB4BC5326A74CEB /* Pods */ = {
			isa = PBXGroup;
			children = (
				E0C83EE6CAEA2E92EA2583C8 /* Pods-CommunityAdmin.debug.xcconfig */,
				2473ED380508114E3DFB998C /* Pods-CommunityAdmin.release.xcconfig */,
				E204C34919FF4FA5FAD92C81 /* Pods-CommunityAdmin-CommunityAdminUITests.debug.xcconfig */,
				11F3E515FB786EF3E5D247B2 /* Pods-CommunityAdmin-CommunityAdminUITests.release.xcconfig */,
				72C82E0471FB72172377FA8A /* Pods-CommunityAdminTests.debug.xcconfig */,
				FB6C32435B677A1E54C108CD /* Pods-CommunityAdminTests.release.xcconfig */,
			);
			path = Pods;
			sourceTree = "<group>";
		};
		A831C88B2B4F59B0008EDE56 = {
			isa = PBXGroup;
			children = (
				A831C8962B4F59B0008EDE56 /* CommunityAdmin */,
				A831C8A72B4F59B2008EDE56 /* CommunityAdminTests */,
				A831C8B12B4F59B2008EDE56 /* CommunityAdminUITests */,
				A831C8952B4F59B0008EDE56 /* Products */,
				445AEAD97CB4BC5326A74CEB /* Pods */,
				383D8B30E6C3656938F1B666 /* Frameworks */,
			);
			sourceTree = "<group>";
		};
		A831C8952B4F59B0008EDE56 /* Products */ = {
			isa = PBXGroup;
			children = (
				A831C8942B4F59B0008EDE56 /* CommunityAdmin.app */,
				A831C8A42B4F59B2008EDE56 /* CommunityAdminTests.xctest */,
				A831C8AE2B4F59B2008EDE56 /* CommunityAdminUITests.xctest */,
			);
			name = Products;
			sourceTree = "<group>";
		};
		A831C8962B4F59B0008EDE56 /* CommunityAdmin */ = {
			isa = PBXGroup;
			children = (
				A831C8972B4F59B0008EDE56 /* CommunityAdminApp.swift */,
				A831C89B2B4F59B1008EDE56 /* Assets.xcassets */,
				A831C89D2B4F59B1008EDE56 /* Preview Content */,
			);
			path = CommunityAdmin;
			sourceTree = "<group>";
		};
		A831C89D2B4F59B1008EDE56 /* Preview Content */ = {
			isa = PBXGroup;
			children = (
				A831C89E2B4F59B1008EDE56 /* Preview Assets.xcassets */,
			);
			path = "Preview Content";
			sourceTree = "<group>";
		};
		A831C8A72B4F59B2008EDE56 /* CommunityAdminTests */ = {
			isa = PBXGroup;
			children = (
				A831C8A82B4F59B2008EDE56 /* CommunityAdminTests.swift */,
			);
			path = CommunityAdminTests;
			sourceTree = "<group>";
		};
		A831C8B12B4F59B2008EDE56 /* CommunityAdminUITests */ = {
			isa = PBXGroup;
			children = (
				A831C8B22B4F59B2008EDE56 /* CommunityAdminUITests.swift */,
				A831C8B42B4F59B2008EDE56 /* CommunityAdminUITestsLaunchTests.swift */,
			);
			path = CommunityAdminUITests;
			sourceTree = "<group>";
		};
/* End PBXGroup section */

/* Begin PBXNativeTarget section */
		A831C8932B4F59B0008EDE56 /* CommunityAdmin */ = {
			isa = PBXNativeTarget;
			buildConfigurationList = A831C8B82B4F59B2008EDE56 /* Build configuration list for PBXNativeTarget "CommunityAdmin" */;
			buildPhases = (
				8ABB8A628C24E5C84900F9B8 /* [CP] Check Pods Manifest.lock */,
				A831C8902B4F59B0008EDE56 /* Sources */,
				A831C8912B4F59B0008EDE56 /* Frameworks */,
				A831C8922B4F59B0008EDE56 /* Resources */,
				30B78A4AC082DEC0C188C751 /* [CP] Copy Pods Resources */,
				CFFB2671903C14A5D1C161BA /* [CP] Embed Pods Frameworks */,
			);
			buildRules = (
			);
			dependencies = (
			);
			name = CommunityAdmin;
			productName = CommunityAdmin;
			productReference = A831C8942B4F59B0008EDE56 /* CommunityAdmin.app */;
			productType = "com.apple.product-type.application";
		};
		A831C8A32B4F59B2008EDE56 /* CommunityAdminTests */ = {
			isa = PBXNativeTarget;
			buildConfigurationList = A831C8BB2B4F59B2008EDE56 /* Build configuration list for PBXNativeTarget "CommunityAdminTests" */;
			buildPhases = (
				98520F7496B105A6D5A0201B /* [CP] Check Pods Manifest.lock */,
				A831C8A02B4F59B2008EDE56 /* Sources */,
				A831C8A12B4F59B2008EDE56 /* Frameworks */,
				A831C8A22B4F59B2008EDE56 /* Resources */,
			);
			buildRules = (
			);
			dependencies = (
				A831C8A62B4F59B2008EDE56 /* PBXTargetDependency */,
			);
			name = CommunityAdminTests;
			productName = CommunityAdminTests;
			productReference = A831C8A42B4F59B2008EDE56 /* CommunityAdminTests.xctest */;
			productType = "com.apple.product-type.bundle.unit-test";
		};
		A831C8AD2B4F59B2008EDE56 /* CommunityAdminUITests */ = {
			isa = PBXNativeTarget;
			buildConfigurationList = A831C8BE2B4F59B2008EDE56 /* Build configuration list for PBXNativeTarget "CommunityAdminUITests" */;
			buildPhases = (
				225AF79998D23834DD11B68E /* [CP] Check Pods Manifest.lock */,
				A831C8AA2B4F59B2008EDE56 /* Sources */,
				A831C8AB2B4F59B2008EDE56 /* Frameworks */,
				A831C8AC2B4F59B2008EDE56 /* Resources */,
				F184802090B10038B70BD135 /* [CP] Copy Pods Resources */,
				28AF06B5E251F9685B02FD4D /* [CP] Embed Pods Frameworks */,
			);
			buildRules = (
			);
			dependencies = (
				A831C8B02B4F59B2008EDE56 /* PBXTargetDependency */,
			);
			name = CommunityAdminUITests;
			productName = CommunityAdminUITests;
			productReference = A831C8AE2B4F59B2008EDE56 /* CommunityAdminUITests.xctest */;
			productType = "com.apple.product-type.bundle.ui-testing";
		};
/* End PBXNativeTarget section */

/* Begin PBXProject section */
		A831C88C2B4F59B0008EDE56 /* Project object */ = {
			isa = PBXProject;
			attributes = {
				BuildIndependentTargetsInParallel = 1;
				LastSwiftUpdateCheck = 1500;
				LastUpgradeCheck = 1500;
				TargetAttributes = {
					A831C8932B4F59B0008EDE56 = {
						CreatedOnToolsVersion = 15.0.1;
					};
					A831C8A32B4F59B2008EDE56 = {
						CreatedOnToolsVersion = 15.0.1;
						TestTargetID = A831C8932B4F59B0008EDE56;
					};
					A831C8AD2B4F59B2008EDE56 = {
						CreatedOnToolsVersion = 15.0.1;
						TestTargetID = A831C8932B4F59B0008EDE56;
					};
				};
			};
			buildConfigurationList = A831C88F2B4F59B0008EDE56 /* Build configuration list for PBXProject "CommunityAdmin" */;
			compatibilityVersion = "Xcode 14.0";
			developmentRegion = en;
			hasScannedForEncodings = 0;
			knownRegions = (
				en,
				Base,
			);
			mainGroup = A831C88B2B4F59B0008EDE56;
			productRefGroup = A831C8952B4F59B0008EDE56 /* Products */;
			projectDirPath = "";
			projectRoot = "";
			targets = (
				A831C8932B4F59B0008EDE56 /* CommunityAdmin */,
				A831C8A32B4F59B2008EDE56 /* CommunityAdminTests */,
				A831C8AD2B4F59B2008EDE56 /* CommunityAdminUITests */,
			);
		};
/* End PBXProject section */

/* Begin PBXResourcesBuildPhase section */
		A831C8922B4F59B0008EDE56 /* Resources */ = {
			isa = PBXResourcesBuildPhase;
			buildActionMask = 2147483647;
			files = (
				A831C89F2B4F59B1008EDE56 /* Preview Assets.xcassets in Resources */,
				A831C89C2B4F59B1008EDE56 /* Assets.xcassets in Resources */,
			);
			runOnlyForDeploymentPostprocessing = 0;
		};
		A831C8A22B4F59B2008EDE56 /* Resources */ = {
			isa = PBXResourcesBuildPhase;
			buildActionMask = 2147483647;
			files = (
			);
			runOnlyForDeploymentPostprocessing = 0;
		};
		A831C8AC2B4F59B2008EDE56 /* Resources */ = {
			isa = PBXResourcesBuildPhase;
			buildActionMask = 2147483647;
			files = (
			);
			runOnlyForDeploymentPostprocessing = 0;
		};
/* End PBXResourcesBuildPhase section */

/* Begin PBXShellScriptBuildPhase section */
		225AF79998D23834DD11B68E /* [CP] Check Pods Manifest.lock */ = {
			isa = PBXShellScriptBuildPhase;
			buildActionMask = 2147483647;
			files = (
			);
			inputFileListPaths = (
			);
			inputPaths = (
				"${PODS_PODFILE_DIR_PATH}/Podfile.lock",
				"${PODS_ROOT}/Manifest.lock",
			);
			name = "[CP] Check Pods Manifest.lock";
			outputFileListPaths = (
			);
			outputPaths = (
				"$(DERIVED_FILE_DIR)/Pods-CommunityAdmin-CommunityAdminUITests-checkManifestLockResult.txt",
			);
			runOnlyForDeploymentPostprocessing = 0;
			shellPath = /bin/sh;
			shellScript = "diff \"${PODS_PODFILE_DIR_PATH}/Podfile.lock\" \"${PODS_ROOT}/Manifest.lock\" > /dev/null\nif [ $? != 0 ] ; then\n    # print error to STDERR\n    echo \"error: The sandbox is not in sync with the Podfile.lock. Run 'pod install' or update your CocoaPods installation.\" >&2\n    exit 1\nfi\n# This output is used by Xcode 'outputs' to avoid re-running this script phase.\necho \"SUCCESS\" > \"${SCRIPT_OUTPUT_FILE_0}\"\n";
			showEnvVarsInLog = 0;
		};
		28AF06B5E251F9685B02FD4D /* [CP] Embed Pods Frameworks */ = {
			isa = PBXShellScriptBuildPhase;
			buildActionMask = 2147483647;
			files = (
			);
			inputFileListPaths = (
				"${PODS_ROOT}/Target Support Files/Pods-CommunityAdmin-CommunityAdminUITests/Pods-CommunityAdmin-CommunityAdminUITests-frameworks-${CONFIGURATION}-input-files.xcfilelist",
			);
			name = "[CP] Embed Pods Frameworks";
			outputFileListPaths = (
				"${PODS_ROOT}/Target Support Files/Pods-CommunityAdmin-CommunityAdminUITests/Pods-CommunityAdmin-CommunityAdminUITests-frameworks-${CONFIGURATION}-output-files.xcfilelist",
			);
			runOnlyForDeploymentPostprocessing = 0;
			shellPath = /bin/sh;
			shellScript = "\"${PODS_ROOT}/Target Support Files/Pods-CommunityAdmin-CommunityAdminUITests/Pods-CommunityAdmin-CommunityAdminUITests-frameworks.sh\"\n";
			showEnvVarsInLog = 0;
		};
		30B78A4AC082DEC0C188C751 /* [CP] Copy Pods Resources */ = {
			isa = PBXShellScriptBuildPhase;
			buildActionMask = 2147483647;
			files = (
			);
			inputFileListPaths = (
				"${PODS_ROOT}/Target Support Files/Pods-CommunityAdmin/Pods-CommunityAdmin-resources-${CONFIGURATION}-input-files.xcfilelist",
			);
			name = "[CP] Copy Pods Resources";
			outputFileListPaths = (
				"${PODS_ROOT}/Target Support Files/Pods-CommunityAdmin/Pods-CommunityAdmin-resources-${CONFIGURATION}-output-files.xcfilelist",
			);
			runOnlyForDeploymentPostprocessing = 0;
			shellPath = /bin/sh;
			shellScript = "\"${PODS_ROOT}/Target Support Files/Pods-CommunityAdmin/Pods-CommunityAdmin-resources.sh\"\n";
			showEnvVarsInLog = 0;
		};
		8ABB8A628C24E5C84900F9B8 /* [CP] Check Pods Manifest.lock */ = {
			isa = PBXShellScriptBuildPhase;
			buildActionMask = 2147483647;
			files = (
			);
			inputFileListPaths = (
			);
			inputPaths = (
				"${PODS_PODFILE_DIR_PATH}/Podfile.lock",
				"${PODS_ROOT}/Manifest.lock",
			);
			name = "[CP] Check Pods Manifest.lock";
			outputFileListPaths = (
			);
			outputPaths = (
				"$(DERIVED_FILE_DIR)/Pods-CommunityAdmin-checkManifestLockResult.txt",
			);
			runOnlyForDeploymentPostprocessing = 0;
			shellPath = /bin/sh;
			shellScript = "diff \"${PODS_PODFILE_DIR_PATH}/Podfile.lock\" \"${PODS_ROOT}/Manifest.lock\" > /dev/null\nif [ $? != 0 ] ; then\n    # print error to STDERR\n    echo \"error: The sandbox is not in sync with the Podfile.lock. Run 'pod install' or update your CocoaPods installation.\" >&2\n    exit 1\nfi\n# This output is used by Xcode 'outputs' to avoid re-running this script phase.\necho \"SUCCESS\" > \"${SCRIPT_OUTPUT_FILE_0}\"\n";
			showEnvVarsInLog = 0;
		};
		98520F7496B105A6D5A0201B /* [CP] Check Pods Manifest.lock */ = {
			isa = PBXShellScriptBuildPhase;
			buildActionMask = 2147483647;
			files = (
			);
			inputFileListPaths = (
			);
			inputPaths = (
				"${PODS_PODFILE_DIR_PATH}/Podfile.lock",
				"${PODS_ROOT}/Manifest.lock",
			);
			name = "[CP] Check Pods Manifest.lock";
			outputFileListPaths = (
			);
			outputPaths = (
				"$(DERIVED_FILE_DIR)/Pods-CommunityAdminTests-checkManifestLockResult.txt",
			);
			runOnlyForDeploymentPostprocessing = 0;
			shellPath = /bin/sh;
			shellScript = "diff \"${PODS_PODFILE_DIR_PATH}/Podfile.lock\" \"${PODS_ROOT}/Manifest.lock\" > /dev/null\nif [ $? != 0 ] ; then\n    # print error to STDERR\n    echo \"error: The sandbox is not in sync with the Podfile.lock. Run 'pod install' or update your CocoaPods installation.\" >&2\n    exit 1\nfi\n# This output is used by Xcode 'outputs' to avoid re-running this script phase.\necho \"SUCCESS\" > \"${SCRIPT_OUTPUT_FILE_0}\"\n";
			showEnvVarsInLog = 0;
		};
		CFFB2671903C14A5D1C161BA /* [CP] Embed Pods Frameworks */ = {
			isa = PBXShellScriptBuildPhase;
			buildActionMask = 2147483647;
			files = (
			);
			inputFileListPaths = (
				"${PODS_ROOT}/Target Support Files/Pods-CommunityAdmin/Pods-CommunityAdmin-frameworks-${CONFIGURATION}-input-files.xcfilelist",
			);
			name = "[CP] Embed Pods Frameworks";
			outputFileListPaths = (
				"${PODS_ROOT}/Target Support Files/Pods-CommunityAdmin/Pods-CommunityAdmin-frameworks-${CONFIGURATION}-output-files.xcfilelist",
			);
			runOnlyForDeploymentPostprocessing = 0;
			shellPath = /bin/sh;
			shellScript = "\"${PODS_ROOT}/Target Support Files/Pods-CommunityAdmin/Pods-CommunityAdmin-frameworks.sh\"\n";
			showEnvVarsInLog = 0;
		};
		F184802090B10038B70BD135 /* [CP] Copy Pods Resources */ = {
			isa = PBXShellScriptBuildPhase;
			buildActionMask = 2147483647;
			files = (
			);
			inputFileListPaths = (
				"${PODS_ROOT}/Target Support Files/Pods-CommunityAdmin-CommunityAdminUITests/Pods-CommunityAdmin-CommunityAdminUITests-resources-${CONFIGURATION}-input-files.xcfilelist",
			);
			name = "[CP] Copy Pods Resources";
			outputFileListPaths = (
				"${PODS_ROOT}/Target Support Files/Pods-CommunityAdmin-CommunityAdminUITests/Pods-CommunityAdmin-CommunityAdminUITests-resources-${CONFIGURATION}-output-files.xcfilelist",
			);
			runOnlyForDeploymentPostprocessing = 0;
			shellPath = /bin/sh;
			shellScript = "\"${PODS_ROOT}/Target Support Files/Pods-CommunityAdmin-CommunityAdminUITests/Pods-CommunityAdmin-CommunityAdminUITests-resources.sh\"\n";
			showEnvVarsInLog = 0;
		};
/* End PBXShellScriptBuildPhase section */

/* Begin PBXSourcesBuildPhase section */
		A831C8902B4F59B0008EDE56 /* Sources */ = {
			isa = PBXSourcesBuildPhase;
			buildActionMask = 2147483647;
			files = (
				A831C8982B4F59B0008EDE56 /* CommunityAdminApp.swift in Sources */,
			);
			runOnlyForDeploymentPostprocessing = 0;
		};
		A831C8A02B4F59B2008EDE56 /* Sources */ = {
			isa = PBXSourcesBuildPhase;
			buildActionMask = 2147483647;
			files = (
				A831C8A92B4F59B2008EDE56 /* CommunityAdminTests.swift in Sources */,
			);
			runOnlyForDeploymentPostprocessing = 0;
		};
		A831C8AA2B4F59B2008EDE56 /* Sources */ = {
			isa = PBXSourcesBuildPhase;
			buildActionMask = 2147483647;
			files = (
				A831C8B52B4F59B2008EDE56 /* CommunityAdminUITestsLaunchTests.swift in Sources */,
				A831C8B32B4F59B2008EDE56 /* CommunityAdminUITests.swift in Sources */,
			);
			runOnlyForDeploymentPostprocessing = 0;
		};
/* End PBXSourcesBuildPhase section */

/* Begin PBXTargetDependency section */
		A831C8A62B4F59B2008EDE56 /* PBXTargetDependency */ = {
			isa = PBXTargetDependency;
			target = A831C8932B4F59B0008EDE56 /* CommunityAdmin */;
			targetProxy = A831C8A52B4F59B2008EDE56 /* PBXContainerItemProxy */;
		};
		A831C8B02B4F59B2008EDE56 /* PBXTargetDependency */ = {
			isa = PBXTargetDependency;
			target = A831C8932B4F59B0008EDE56 /* CommunityAdmin */;
			targetProxy = A831C8AF2B4F59B2008EDE56 /* PBXContainerItemProxy */;
		};
/* End PBXTargetDependency section */

/* Begin XCBuildConfiguration section */
		A831C8B62B4F59B2008EDE56 /* Debug */ = {
			isa = XCBuildConfiguration;
			buildSettings = {
				ALWAYS_SEARCH_USER_PATHS = NO;
				ASSETCATALOG_COMPILER_GENERATE_SWIFT_ASSET_SYMBOL_EXTENSIONS = YES;
				CLANG_ANALYZER_NONNULL = YES;
				CLANG_ANALYZER_NUMBER_OBJECT_CONVERSION = YES_AGGRESSIVE;
				CLANG_CXX_LANGUAGE_STANDARD = "gnu++14";
				CLANG_ENABLE_MODULES = YES;
				CLANG_ENABLE_OBJC_ARC = YES;
				CLANG_ENABLE_OBJC_WEAK = YES;
				CLANG_WARN_BLOCK_CAPTURE_AUTORELEASING = YES;
				CLANG_WARN_BOOL_CONVERSION = YES;
				CLANG_WARN_COMMA = YES;
				CLANG_WARN_CONSTANT_CONVERSION = YES;
				CLANG_WARN_DEPRECATED_OBJC_IMPLEMENTATIONS = YES;
				CLANG_WARN_DIRECT_OBJC_ISA_USAGE = YES_ERROR;
				CLANG_WARN_DOCUMENTATION_COMMENTS = YES;
				CLANG_WARN_EMPTY_BODY = YES;
				CLANG_WARN_ENUM_CONVERSION = YES;
				CLANG_WARN_INFINITE_RECURSION = YES;
				CLANG_WARN_INT_CONVERSION = YES;
				CLANG_WARN_NON_LITERAL_NULL_CONVERSION = YES;
				CLANG_WARN_OBJC_IMPLICIT_RETAIN_SELF = YES;
				CLANG_WARN_OBJC_LITERAL_CONVERSION = YES;
				CLANG_WARN_OBJC_ROOT_CLASS = YES_ERROR;
				CLANG_WARN_QUOTED_INCLUDE_IN_FRAMEWORK_HEADER = YES;
				CLANG_WARN_RANGE_LOOP_ANALYSIS = YES;
				CLANG_WARN_STRICT_PROTOTYPES = YES;
				CLANG_WARN_SUSPICIOUS_MOVE = YES;
				CLANG_WARN_UNGUARDED_AVAILABILITY = YES_AGGRESSIVE;
				CLANG_WARN_UNREACHABLE_CODE = YES;
				CLANG_WARN__DUPLICATE_METHOD_MATCH = YES;
				COPY_PHASE_STRIP = NO;
				DEBUG_INFORMATION_FORMAT = "dwarf-with-dsym";
				ENABLE_STRICT_OBJC_MSGSEND = YES;
				ENABLE_TESTABILITY = YES;
				ENABLE_USER_SCRIPT_SANDBOXING = NO;
				GCC_C_LANGUAGE_STANDARD = gnu11;
				GCC_DYNAMIC_NO_PIC = NO;
				GCC_NO_COMMON_BLOCKS = YES;
				GCC_OPTIMIZATION_LEVEL = 0;
				GCC_PREPROCESSOR_DEFINITIONS = (
					"DEBUG=1",
					"$(inherited)",
				);
				GCC_WARN_64_TO_32_BIT_CONVERSION = YES;
				GCC_WARN_ABOUT_RETURN_TYPE = YES_ERROR;
				GCC_WARN_UNDECLARED_SELECTOR = YES;
				GCC_WARN_UNINITIALIZED_AUTOS = YES_AGGRESSIVE;
				GCC_WARN_UNUSED_FUNCTION = YES;
				GCC_WARN_UNUSED_VARIABLE = YES;
				IPHONEOS_DEPLOYMENT_TARGET = 14.0;
				LOCALIZATION_PREFERS_STRING_CATALOGS = YES;
				MTL_ENABLE_DEBUG_INFO = INCLUDE_SOURCE;
				MTL_FAST_MATH = YES;
				ONLY_ACTIVE_ARCH = YES;
				SDKROOT = iphoneos;
				SWIFT_ACTIVE_COMPILATION_CONDITIONS = "DEBUG $(inherited)";
				SWIFT_OPTIMIZATION_LEVEL = "-Onone";
			};
			name = Debug;
		};
		A831C8B72B4F59B2008EDE56 /* Release */ = {
			isa = XCBuildConfiguration;
			buildSettings = {
				ALWAYS_SEARCH_USER_PATHS = NO;
				ASSETCATALOG_COMPILER_GENERATE_SWIFT_ASSET_SYMBOL_EXTENSIONS = YES;
				CLANG_ANALYZER_NONNULL = YES;
				CLANG_ANALYZER_NUMBER_OBJECT_CONVERSION = YES_AGGRESSIVE;
				CLANG_CXX_LANGUAGE_STANDARD = "gnu++14";
				CLANG_ENABLE_MODULES = YES;
				CLANG_ENABLE_OBJC_ARC = YES;
				CLANG_ENABLE_OBJC_WEAK = YES;
				CLANG_WARN_BLOCK_CAPTURE_AUTORELEASING = YES;
				CLANG_WARN_BOOL_CONVERSION = YES;
				CLANG_WARN_COMMA = YES;
				CLANG_WARN_CONSTANT_CONVERSION = YES;
				CLANG_WARN_DEPRECATED_OBJC_IMPLEMENTATIONS = YES;
				CLANG_WARN_DIRECT_OBJC_ISA_USAGE = YES_ERROR;
				CLANG_WARN_DOCUMENTATION_COMMENTS = YES;
				CLANG_WARN_EMPTY_BODY = YES;
				CLANG_WARN_ENUM_CONVERSION = YES;
				CLANG_WARN_INFINITE_RECURSION = YES;
				CLANG_WARN_INT_CONVERSION = YES;
				CLANG_WARN_NON_LITERAL_NULL_CONVERSION = YES;
				CLANG_WARN_OBJC_IMPLICIT_RETAIN_SELF = YES;
				CLANG_WARN_OBJC_LITERAL_CONVERSION = YES;
				CLANG_WARN_OBJC_ROOT_CLASS = YES_ERROR;
				CLANG_WARN_QUOTED_INCLUDE_IN_FRAMEWORK_HEADER = YES;
				CLANG_WARN_RANGE_LOOP_ANALYSIS = YES;
				CLANG_WARN_STRICT_PROTOTYPES = YES;
				CLANG_WARN_SUSPICIOUS_MOVE = YES;
				CLANG_WARN_UNGUARDED_AVAILABILITY = YES_AGGRESSIVE;
				CLANG_WARN_UNREACHABLE_CODE = YES;
				CLANG_WARN__DUPLICATE_METHOD_MATCH = YES;
				COPY_PHASE_STRIP = NO;
				DEBUG_INFORMATION_FORMAT = "dwarf-with-dsym";
				ENABLE_NS_ASSERTIONS = NO;
				ENABLE_STRICT_OBJC_MSGSEND = YES;
				ENABLE_USER_SCRIPT_SANDBOXING = NO;
				GCC_C_LANGUAGE_STANDARD = gnu11;
				GCC_NO_COMMON_BLOCKS = YES;
				GCC_WARN_64_TO_32_BIT_CONVERSION = YES;
				GCC_WARN_ABOUT_RETURN_TYPE = YES_ERROR;
				GCC_WARN_UNDECLARED_SELECTOR = YES;
				GCC_WARN_UNINITIALIZED_AUTOS = YES_AGGRESSIVE;
				GCC_WARN_UNUSED_FUNCTION = YES;
				GCC_WARN_UNUSED_VARIABLE = YES;
				IPHONEOS_DEPLOYMENT_TARGET = 14.0;
				LOCALIZATION_PREFERS_STRING_CATALOGS = YES;
				MTL_ENABLE_DEBUG_INFO = NO;
				MTL_FAST_MATH = YES;
				SDKROOT = iphoneos;
				SWIFT_COMPILATION_MODE = wholemodule;
				VALIDATE_PRODUCT = YES;
			};
			name = Release;
		};
		A831C8B92B4F59B2008EDE56 /* Debug */ = {
			isa = XCBuildConfiguration;
			baseConfigurationReference = E0C83EE6CAEA2E92EA2583C8 /* Pods-CommunityAdmin.debug.xcconfig */;
			buildSettings = {
				ASSETCATALOG_COMPILER_APPICON_NAME = AppIcon;
				ASSETCATALOG_COMPILER_GLOBAL_ACCENT_COLOR_NAME = AccentColor;
				CODE_SIGN_STYLE = Automatic;
				CURRENT_PROJECT_VERSION = 1;
				DEVELOPMENT_ASSET_PATHS = "\"CommunityAdmin/Preview Content\"";
				ENABLE_PREVIEWS = YES;
				GENERATE_INFOPLIST_FILE = YES;
				INFOPLIST_KEY_UIApplicationSceneManifest_Generation = YES;
				INFOPLIST_KEY_UIApplicationSupportsIndirectInputEvents = YES;
				INFOPLIST_KEY_UILaunchScreen_Generation = YES;
				INFOPLIST_KEY_UISupportedInterfaceOrientations_iPad = "UIInterfaceOrientationPortrait UIInterfaceOrientationPortraitUpsideDown UIInterfaceOrientationLandscapeLeft UIInterfaceOrientationLandscapeRight";
				INFOPLIST_KEY_UISupportedInterfaceOrientations_iPhone = "UIInterfaceOrientationPortrait UIInterfaceOrientationLandscapeLeft UIInterfaceOrientationLandscapeRight";
				LD_RUNPATH_SEARCH_PATHS = (
					"$(inherited)",
					"@executable_path/Frameworks",
				);
				MARKETING_VERSION = 1.0;
				PRODUCT_BUNDLE_IDENTIFIER = okik.tech.community.admin.CommunityAdmin;
				PRODUCT_NAME = "$(TARGET_NAME)";
				SWIFT_EMIT_LOC_STRINGS = YES;
				SWIFT_VERSION = 5.0;
				TARGETED_DEVICE_FAMILY = "1,2";
			};
			name = Debug;
		};
		A831C8BA2B4F59B2008EDE56 /* Release */ = {
			isa = XCBuildConfiguration;
			baseConfigurationReference = 2473ED380508114E3DFB998C /* Pods-CommunityAdmin.release.xcconfig */;
			buildSettings = {
				ASSETCATALOG_COMPILER_APPICON_NAME = AppIcon;
				ASSETCATALOG_COMPILER_GLOBAL_ACCENT_COLOR_NAME = AccentColor;
				CODE_SIGN_STYLE = Automatic;
				CURRENT_PROJECT_VERSION = 1;
				DEVELOPMENT_ASSET_PATHS = "\"CommunityAdmin/Preview Content\"";
				ENABLE_PREVIEWS = YES;
				GENERATE_INFOPLIST_FILE = YES;
				INFOPLIST_KEY_UIApplicationSceneManifest_Generation = YES;
				INFOPLIST_KEY_UIApplicationSupportsIndirectInputEvents = YES;
				INFOPLIST_KEY_UILaunchScreen_Generation = YES;
				INFOPLIST_KEY_UISupportedInterfaceOrientations_iPad = "UIInterfaceOrientationPortrait UIInterfaceOrientationPortraitUpsideDown UIInterfaceOrientationLandscapeLeft UIInterfaceOrientationLandscapeRight";
				INFOPLIST_KEY_UISupportedInterfaceOrientations_iPhone = "UIInterfaceOrientationPortrait UIInterfaceOrientationLandscapeLeft UIInterfaceOrientationLandscapeRight";
				LD_RUNPATH_SEARCH_PATHS = (
					"$(inherited)",
					"@executable_path/Frameworks",
				);
				MARKETING_VERSION = 1.0;
				PRODUCT_BUNDLE_IDENTIFIER = okik.tech.community.admin.CommunityAdmin;
				PRODUCT_NAME = "$(TARGET_NAME)";
				SWIFT_EMIT_LOC_STRINGS = YES;
				SWIFT_VERSION = 5.0;
				TARGETED_DEVICE_FAMILY = "1,2";
			};
			name = Release;
		};
		A831C8BC2B4F59B2008EDE56 /* Debug */ = {
			isa = XCBuildConfiguration;
			baseConfigurationReference = 72C82E0471FB72172377FA8A /* Pods-CommunityAdminTests.debug.xcconfig */;
			buildSettings = {
				ALWAYS_EMBED_SWIFT_STANDARD_LIBRARIES = YES;
				BUNDLE_LOADER = "$(TEST_HOST)";
				CODE_SIGN_STYLE = Automatic;
				CURRENT_PROJECT_VERSION = 1;
				GENERATE_INFOPLIST_FILE = YES;
				IPHONEOS_DEPLOYMENT_TARGET = 17.0;
				MARKETING_VERSION = 1.0;
				PRODUCT_BUNDLE_IDENTIFIER = okik.tech.community.admin.CommunityAdminTests;
				PRODUCT_NAME = "$(TARGET_NAME)";
				SWIFT_EMIT_LOC_STRINGS = NO;
				SWIFT_VERSION = 5.0;
				TARGETED_DEVICE_FAMILY = "1,2";
				TEST_HOST = "$(BUILT_PRODUCTS_DIR)/CommunityAdmin.app/$(BUNDLE_EXECUTABLE_FOLDER_PATH)/CommunityAdmin";
			};
			name = Debug;
		};
		A831C8BD2B4F59B2008EDE56 /* Release */ = {
			isa = XCBuildConfiguration;
			baseConfigurationReference = FB6C32435B677A1E54C108CD /* Pods-CommunityAdminTests.release.xcconfig */;
			buildSettings = {
				ALWAYS_EMBED_SWIFT_STANDARD_LIBRARIES = YES;
				BUNDLE_LOADER = "$(TEST_HOST)";
				CODE_SIGN_STYLE = Automatic;
				CURRENT_PROJECT_VERSION = 1;
				GENERATE_INFOPLIST_FILE = YES;
				IPHONEOS_DEPLOYMENT_TARGET = 17.0;
				MARKETING_VERSION = 1.0;
				PRODUCT_BUNDLE_IDENTIFIER = okik.tech.community.admin.CommunityAdminTests;
				PRODUCT_NAME = "$(TARGET_NAME)";
				SWIFT_EMIT_LOC_STRINGS = NO;
				SWIFT_VERSION = 5.0;
				TARGETED_DEVICE_FAMILY = "1,2";
				TEST_HOST = "$(BUILT_PRODUCTS_DIR)/CommunityAdmin.app/$(BUNDLE_EXECUTABLE_FOLDER_PATH)/CommunityAdmin";
			};
			name = Release;
		};
		A831C8BF2B4F59B2008EDE56 /* Debug */ = {
			isa = XCBuildConfiguration;
			baseConfigurationReference = E204C34919FF4FA5FAD92C81 /* Pods-CommunityAdmin-CommunityAdminUITests.debug.xcconfig */;
			buildSettings = {
				ALWAYS_EMBED_SWIFT_STANDARD_LIBRARIES = YES;
				CODE_SIGN_STYLE = Automatic;
				CURRENT_PROJECT_VERSION = 1;
				GENERATE_INFOPLIST_FILE = YES;
				MARKETING_VERSION = 1.0;
				PRODUCT_BUNDLE_IDENTIFIER = okik.tech.community.admin.CommunityAdminUITests;
				PRODUCT_NAME = "$(TARGET_NAME)";
				SWIFT_EMIT_LOC_STRINGS = NO;
				SWIFT_VERSION = 5.0;
				TARGETED_DEVICE_FAMILY = "1,2";
				TEST_TARGET_NAME = CommunityAdmin;
			};
			name = Debug;
		};
		A831C8C02B4F59B2008EDE56 /* Release */ = {
			isa = XCBuildConfiguration;
			baseConfigurationReference = 11F3E515FB786EF3E5D247B2 /* Pods-CommunityAdmin-CommunityAdminUITests.release.xcconfig */;
			buildSettings = {
				ALWAYS_EMBED_SWIFT_STANDARD_LIBRARIES = YES;
				CODE_SIGN_STYLE = Automatic;
				CURRENT_PROJECT_VERSION = 1;
				GENERATE_INFOPLIST_FILE = YES;
				MARKETING_VERSION = 1.0;
				PRODUCT_BUNDLE_IDENTIFIER = okik.tech.community.admin.CommunityAdminUITests;
				PRODUCT_NAME = "$(TARGET_NAME)";
				SWIFT_EMIT_LOC_STRINGS = NO;
				SWIFT_VERSION = 5.0;
				TARGETED_DEVICE_FAMILY = "1,2";
				TEST_TARGET_NAME = CommunityAdmin;
			};
			name = Release;
		};
/* End XCBuildConfiguration section */

/* Begin XCConfigurationList section */
		A831C88F2B4F59B0008EDE56 /* Build configuration list for PBXProject "CommunityAdmin" */ = {
			isa = XCConfigurationList;
			buildConfigurations = (
				A831C8B62B4F59B2008EDE56 /* Debug */,
				A831C8B72B4F59B2008EDE56 /* Release */,
			);
			defaultConfigurationIsVisible = 0;
			defaultConfigurationName = Release;
		};
		A831C8B82B4F59B2008EDE56 /* Build configuration list for PBXNativeTarget "CommunityAdmin" */ = {
			isa = XCConfigurationList;
			buildConfigurations = (
				A831C8B92B4F59B2008EDE56 /* Debug */,
				A831C8BA2B4F59B2008EDE56 /* Release */,
			);
			defaultConfigurationIsVisible = 0;
			defaultConfigurationName = Release;
		};
		A831C8BB2B4F59B2008EDE56 /* Build configuration list for PBXNativeTarget "CommunityAdminTests" */ = {
			isa = XCConfigurationList;
			buildConfigurations = (
				A831C8BC2B4F59B2008EDE56 /* Debug */,
				A831C8BD2B4F59B2008EDE56 /* Release */,
			);
			defaultConfigurationIsVisible = 0;
			defaultConfigurationName = Release;
		};
		A831C8BE2B4F59B2008EDE56 /* Build configuration list for PBXNativeTarget "CommunityAdminUITests" */ = {
			isa = XCConfigurationList;
			buildConfigurations = (
				A831C8BF2B4F59B2008EDE56 /* Debug */,
				A831C8C02B4F59B2008EDE56 /* Release */,
			);
			defaultConfigurationIsVisible = 0;
			defaultConfigurationName = Release;
		};
/* End XCConfigurationList section */
	};
	rootObject = A831C88C2B4F59B0008EDE56 /* Project object */;
}
